{
  "version": 4,
  "terraform_version": "1.14.9",
  "serial": 202,
  "lineage": "5346423b-e21d-c8b3-3ca2-d487f4ac2454",
  "outputs": {
    "acm_validation_records": {
      "value": {
        "api.animeshray.space": {
          "name": "_d6a2c8ed728081a7d59dcc869a650257.api.animeshray.space.",
          "type": "CNAME",
          "value": "_2b145f25c2ef83ef54708e34ab1eba05.jkddzztszm.acm-validations.aws."
        }
      },
      "type": [
        "object",
        {
          "api.animeshray.space": [
            "object",
            {
              "name": "string",
              "type": "string",
              "value": "string"
            }
          ]
        }
      ]
    },
    "alb_dns_name": {
      "value": "turbo-graphql-production-alb-373158503.ap-south-1.elb.amazonaws.com",
      "type": "string"
    },
    "db_url_secret_arns": {
      "value": {
        "comments": "arn:aws:secretsmanager:ap-south-1:913524945602:secret:turbo-graphql/production/comments/DATABASE_URL-ZCZsVi",
        "posts": "arn:aws:secretsmanager:ap-south-1:913524945602:secret:turbo-graphql/production/posts/DATABASE_URL-8IBask",
        "users": "arn:aws:secretsmanager:ap-south-1:913524945602:secret:turbo-graphql/production/users/DATABASE_URL-HGpP6k"
      },
      "type": [
        "object",
        {
          "comments": "string",
          "posts": "string",
          "users": "string"
        }
      ]
    },
    "ecr_repository_urls": {
      "value": {
        "apollo-router": "913524945602.dkr.ecr.ap-south-1.amazonaws.com/turbo-graphql/apollo-router",
        "comments-service": "913524945602.dkr.ecr.ap-south-1.amazonaws.com/turbo-graphql/comments-service",
        "posts-service": "913524945602.dkr.ecr.ap-south-1.amazonaws.com/turbo-graphql/posts-service",
        "users-service": "913524945602.dkr.ecr.ap-south-1.amazonaws.com/turbo-graphql/users-service"
      },
      "type": [
        "object",
        {
          "apollo-router": "string",
          "comments-service": "string",
          "posts-service": "string",
          "users-service": "string"
        }
      ]
    },
    "ecs_cluster_name": {
      "value": "turbo-graphql-production",
      "type": "string"
    },
    "rds_endpoint": {
      "value": "turbo-graphql-production-postgres.cr8kweccwltz.ap-south-1.rds.amazonaws.com:5432",
      "type": "string"
    },
    "service_discovery_namespace": {
      "value": "turbo-graphql.local",
      "type": "string"
    }
  },
  "resources": [
    {
      "module": "module.alb",
      "mode": "managed",
      "type": "aws_acm_certificate",
      "name": "this",
      "provider": "provider[\"registry.terraform.io/hashicorp/aws\"]",
      "instances": [
        {
          "schema_version": 0,
          "attributes": {
            "arn": "arn:aws:acm:ap-south-1:913524945602:certificate/bf3bcb81-d2cb-49e3-b032-751b53b6233e",
            "certificate_authority_arn": "",
            "certificate_body": null,
            "certificate_chain": null,
            "domain_name": "api.animeshray.space",
            "domain_validation_options": [
              {
                "domain_name": "api.animeshray.space",
                "resource_record_name": "_d6a2c8ed728081a7d59dcc869a650257.api.animeshray.space.",
                "resource_record_type": "CNAME",
                "resource_record_value": "_2b145f25c2ef83ef54708e34ab1eba05.jkddzztszm.acm-validations.aws."
              }
            ],
            "early_renewal_duration": "",
            "id": "arn:aws:acm:ap-south-1:913524945602:certificate/bf3bcb81-d2cb-49e3-b032-751b53b6233e",
            "key_algorithm": "RSA_2048",
            "not_after": "",
            "not_before": "",
            "options": [
              {
                "certificate_transparency_logging_preference": "ENABLED"
              }
            ],
            "pending_renewal": false,
            "private_key": null,
            "renewal_eligibility": "INELIGIBLE",
            "renewal_summary": [],
            "status": "PENDING_VALIDATION",
            "subject_alternative_names": [
              "api.animeshray.space"
            ],
            "tags": {
              "Environment": "production",
              "Name": "api.animeshray.space"
            },
            "tags_all": {
              "Environment": "production",
              "Name": "api.animeshray.space"
            },
            "type": "AMAZON_ISSUED",
            "validation_emails": [],
            "validation_method": "DNS",
            "validation_option": []
          },
          "sensitive_attributes": [
            [
              {
                "type": "get_attr",
                "value": "private_key"
              }
            ]
          ],
          "identity_schema_version": 0,
          "private": "bnVsbA==",
          "create_before_destroy": true
        }
      ]
    },
    {
      "module": "module.alb",
      "mode": "managed",
      "type": "aws_lb",
      "name": "this",
      "provider": "provider[\"registry.terraform.io/hashicorp/aws\"]",
      "instances": [
        {
          "schema_version": 0,
          "attributes": {
            "access_logs": [
              {
                "bucket": "",
                "enabled": false,
                "prefix": ""
              }
            ],
            "arn": "arn:aws:elasticloadbalancing:ap-south-1:913524945602:loadbalancer/app/turbo-graphql-production-alb/56c7fba77ac7f0fc",
            "arn_suffix": "app/turbo-graphql-production-alb/56c7fba77ac7f0fc",
            "client_keep_alive": 3600,
            "connection_logs": [
              {
                "bucket": "",
                "enabled": false,
                "prefix": ""
              }
            ],
            "customer_owned_ipv4_pool": "",
            "desync_mitigation_mode": "defensive",
            "dns_name": "turbo-graphql-production-alb-373158503.ap-south-1.elb.amazonaws.com",
            "dns_record_client_routing_policy": null,
            "drop_invalid_header_fields": false,
            "enable_cross_zone_load_balancing": true,
            "enable_deletion_protection": false,
            "enable_http2": true,
            "enable_tls_version_and_cipher_suite_headers": false,
            "enable_waf_fail_open": false,
            "enable_xff_client_port": false,
            "enable_zonal_shift": false,
            "enforce_security_group_inbound_rules_on_private_link_traffic": "",
            "id": "arn:aws:elasticloadbalancing:ap-south-1:913524945602:loadbalancer/app/turbo-graphql-production-alb/56c7fba77ac7f0fc",
            "idle_timeout": 60,
            "internal": false,
            "ip_address_type": "ipv4",
            "ipam_pools": [],
            "load_balancer_type": "application",
            "minimum_load_balancer_capacity": [],
            "name": "turbo-graphql-production-alb",
            "name_prefix": "",
            "preserve_host_header": false,
            "security_groups": [
              "sg-00d6d3a0620f36a4f"
            ],
            "subnet_mapping": [
              {
                "allocation_id": "",
                "ipv6_address": "",
                "outpost_id": "",
                "private_ipv4_address": "",
                "subnet_id": "subnet-07a57c2b3ea82adec"
              },
              {
                "allocation_id": "",
                "ipv6_address": "",
                "outpost_id": "",
                "private_ipv4_address": "",
                "subnet_id": "subnet-08b8036d1f95e3cf7"
              },
              {
                "allocation_id": "",
                "ipv6_address": "",
                "outpost_id": "",
                "private_ipv4_address": "",
                "subnet_id": "subnet-0c5232e2073af7310"
              }
            ],
            "subnets": [
              "subnet-07a57c2b3ea82adec",
              "subnet-08b8036d1f95e3cf7",
              "subnet-0c5232e2073af7310"
            ],
            "tags": {
              "Environment": "production",
              "Name": "turbo-graphql-production-alb"
            },
            "tags_all": {
              "Environment": "production",
              "Name": "turbo-graphql-production-alb"
            },
            "timeouts": null,
            "vpc_id": "vpc-0411fd9fad810705e",
            "xff_header_processing_mode": "append",
            "zone_id": "ZP97RAFLXTNZK"
          },
          "sensitive_attributes": [],
          "identity_schema_version": 0,
          "private": "eyJlMmJmYjczMC1lY2FhLTExZTYtOGY4OC0zNDM2M2JjN2M0YzAiOnsiY3JlYXRlIjo2MDAwMDAwMDAwMDAsImRlbGV0ZSI6NjAwMDAwMDAwMDAwLCJ1cGRhdGUiOjYwMDAwMDAwMDAwMH19",
          "dependencies": [
            "module.networking.aws_security_group.alb"
          ]
        }
      ]
    },
    {
      "module": "module.alb",
      "mode": "managed",
      "type": "aws_lb_listener",
      "name": "http",
      "provider": "provider[\"registry.terraform.io/hashicorp/aws\"]",
      "instances": [
        {
          "schema_version": 0,
          "attributes": {
            "alpn_policy": null,
            "arn": "arn:aws:elasticloadbalancing:ap-south-1:913524945602:listener/app/turbo-graphql-production-alb/56c7fba77ac7f0fc/03e6677df64c9318",
            "certificate_arn": null,
            "default_action": [
              {
                "authenticate_cognito": [],
                "authenticate_oidc": [],
                "fixed_response": [],
                "forward": [],
                "order": 1,
                "redirect": [
                  {
                    "host": "#{host}",
                    "path": "/#{path}",
                    "port": "443",
                    "protocol": "HTTPS",
                    "query": "#{query}",
                    "status_code": "HTTP_301"
                  }
                ],
                "target_group_arn": "",
                "type": "redirect"
              }
            ],
            "id": "arn:aws:elasticloadbalancing:ap-south-1:913524945602:listener/app/turbo-graphql-production-alb/56c7fba77ac7f0fc/03e6677df64c9318",
            "load_balancer_arn": "arn:aws:elasticloadbalancing:ap-south-1:913524945602:loadbalancer/app/turbo-graphql-production-alb/56c7fba77ac7f0fc",
            "mutual_authentication": [],
            "port": 80,
            "protocol": "HTTP",
            "routing_http_request_x_amzn_mtls_clientcert_header_name": null,
            "routing_http_request_x_amzn_mtls_clientcert_issuer_header_name": null,
            "routing_http_request_x_amzn_mtls_clientcert_leaf_header_name": null,
            "routing_http_request_x_amzn_mtls_clientcert_serial_number_header_name": null,
            "routing_http_request_x_amzn_mtls_clientcert_subject_header_name": null,
            "routing_http_request_x_amzn_mtls_clientcert_validity_header_name": null,
            "routing_http_request_x_amzn_tls_cipher_suite_header_name": null,
            "routing_http_request_x_amzn_tls_version_header_name": null,
            "routing_http_response_access_control_allow_credentials_header_value": "",
            "routing_http_response_access_control_allow_headers_header_value": "",
            "routing_http_response_access_control_allow_methods_header_value": "",
            "routing_http_response_access_control_allow_origin_header_value": "",
            "routing_http_response_access_control_expose_headers_header_value": "",
            "routing_http_response_access_control_max_age_header_value": "",
            "routing_http_response_content_security_policy_header_value": "",
            "routing_http_response_server_enabled": true,
            "routing_http_response_strict_transport_security_header_value": "",
            "routing_http_response_x_content_type_options_header_value": "",
            "routing_http_response_x_frame_options_header_value": "",
            "ssl_policy": "",
            "tags": {},
            "tags_all": {},
            "tcp_idle_timeout_seconds": null,
            "timeouts": null
          },
          "sensitive_attributes": [],
          "identity_schema_version": 0,
          "private": "eyJlMmJmYjczMC1lY2FhLTExZTYtOGY4OC0zNDM2M2JjN2M0YzAiOnsiY3JlYXRlIjozMDAwMDAwMDAwMDAsInVwZGF0ZSI6MzAwMDAwMDAwMDAwfX0=",
          "dependencies": [
            "module.alb.aws_lb.this",
            "module.networking.aws_security_group.alb"
          ]
        }
      ]
    },
    {
      "module": "module.alb",
      "mode": "managed",
      "type": "aws_lb_target_group",
      "name": "router",
      "provider": "provider[\"registry.terraform.io/hashicorp/aws\"]",
      "instances": [
        {
          "schema_version": 0,
          "attributes": {
            "arn": "arn:aws:elasticloadbalancing:ap-south-1:913524945602:targetgroup/turbo-graphql-produc-router-tg/4b2883e3296b2ed5",
            "arn_suffix": "targetgroup/turbo-graphql-produc-router-tg/4b2883e3296b2ed5",
            "connection_termination": null,
            "deregistration_delay": "300",
            "health_check": [
              {
                "enabled": true,
                "healthy_threshold": 2,
                "interval": 30,
                "matcher": "200",
                "path": "/health",
                "port": "traffic-port",
                "protocol": "HTTP",
                "timeout": 5,
                "unhealthy_threshold": 3
              }
            ],
            "id": "arn:aws:elasticloadbalancing:ap-south-1:913524945602:targetgroup/turbo-graphql-produc-router-tg/4b2883e3296b2ed5",
            "ip_address_type": "ipv4",
            "lambda_multi_value_headers_enabled": false,
            "load_balancer_arns": [
              "arn:aws:elasticloadbalancing:ap-south-1:913524945602:loadbalancer/app/turbo-graphql-production-alb/56c7fba77ac7f0fc"
            ],
            "load_balancing_algorithm_type": "round_robin",
            "load_balancing_anomaly_mitigation": "off",
            "load_balancing_cross_zone_enabled": "use_load_balancer_configuration",
            "name": "turbo-graphql-produc-router-tg",
            "name_prefix": "",
            "port": 4000,
            "preserve_client_ip": null,
            "protocol": "HTTP",
            "protocol_version": "HTTP1",
            "proxy_protocol_v2": false,
            "slow_start": 0,
            "stickiness": [
              {
                "cookie_duration": 86400,
                "cookie_name": "",
                "enabled": false,
                "type": "lb_cookie"
              }
            ],
            "tags": {
              "Environment": "production",
              "Name": "turbo-graphql-production-router-tg"
            },
            "tags_all": {
              "Environment": "production",
              "Name": "turbo-graphql-production-router-tg"
            },
            "target_failover": [
              {
                "on_deregistration": null,
                "on_unhealthy": null
              }
            ],
            "target_group_health": [
              {
                "dns_failover": [
                  {
                    "minimum_healthy_targets_count": "1",
                    "minimum_healthy_targets_percentage": "off"
                  }
                ],
                "unhealthy_state_routing": [
                  {
                    "minimum_healthy_targets_count": 1,
                    "minimum_healthy_targets_percentage": "off"
                  }
                ]
              }
            ],
            "target_health_state": [
              {
                "enable_unhealthy_connection_termination": null,
                "unhealthy_draining_interval": null
              }
            ],
            "target_type": "ip",
            "vpc_id": "vpc-0411fd9fad810705e"
          },
          "sensitive_attributes": [],
          "identity_schema_version": 0,
          "private": "bnVsbA=="
        }
      ]
    },
    {
      "module": "module.ecr",
      "mode": "managed",
      "type": "aws_ecr_lifecycle_policy",
      "name": "this",
      "provider": "provider[\"registry.terraform.io/hashicorp/aws\"]",
      "instances": [
        {
          "index_key": "apollo-router",
          "schema_version": 0,
          "attributes": {
            "id": "turbo-graphql/apollo-router",
            "policy": "{\"rules\":[{\"action\":{\"type\":\"expire\"},\"description\":\"Keep last 10 images\",\"rulePriority\":1,\"selection\":{\"countNumber\":10,\"countType\":\"imageCountMoreThan\",\"tagStatus\":\"any\"}}]}",
            "registry_id": "913524945602",
            "repository": "turbo-graphql/apollo-router"
          },
          "sensitive_attributes": [],
          "identity_schema_version": 0,
          "private": "bnVsbA==",
          "dependencies": [
            "module.ecr.aws_ecr_repository.this"
          ]
        },
        {
          "index_key": "comments-service",
          "schema_version": 0,
          "attributes": {
            "id": "turbo-graphql/comments-service",
            "policy": "{\"rules\":[{\"action\":{\"type\":\"expire\"},\"description\":\"Keep last 10 images\",\"rulePriority\":1,\"selection\":{\"countNumber\":10,\"countType\":\"imageCountMoreThan\",\"tagStatus\":\"any\"}}]}",
            "registry_id": "913524945602",
            "repository": "turbo-graphql/comments-service"
          },
          "sensitive_attributes": [],
          "identity_schema_version": 0,
          "private": "bnVsbA==",
          "dependencies": [
            "module.ecr.aws_ecr_repository.this"
          ]
        },
        {
          "index_key": "posts-service",
          "schema_version": 0,
          "attributes": {
            "id": "turbo-graphql/posts-service",
            "policy": "{\"rules\":[{\"action\":{\"type\":\"expire\"},\"description\":\"Keep last 10 images\",\"rulePriority\":1,\"selection\":{\"countNumber\":10,\"countType\":\"imageCountMoreThan\",\"tagStatus\":\"any\"}}]}",
            "registry_id": "913524945602",
            "repository": "turbo-graphql/posts-service"
          },
          "sensitive_attributes": [],
          "identity_schema_version": 0,
          "private": "bnVsbA==",
          "dependencies": [
            "module.ecr.aws_ecr_repository.this"
          ]
        },
        {
          "index_key": "users-service",
          "schema_version": 0,
          "attributes": {
            "id": "turbo-graphql/users-service",
            "policy": "{\"rules\":[{\"action\":{\"type\":\"expire\"},\"description\":\"Keep last 10 images\",\"rulePriority\":1,\"selection\":{\"countNumber\":10,\"countType\":\"imageCountMoreThan\",\"tagStatus\":\"any\"}}]}",
            "registry_id": "913524945602",
            "repository": "turbo-graphql/users-service"
          },
          "sensitive_attributes": [],
          "identity_schema_version": 0,
          "private": "bnVsbA==",
          "dependencies": [
            "module.ecr.aws_ecr_repository.this"
          ]
        }
      ]
    },
    {
      "module": "module.ecr",
      "mode": "managed",
      "type": "aws_ecr_repository",
      "name": "this",
      "provider": "provider[\"registry.terraform.io/hashicorp/aws\"]",
      "instances": [
        {
          "index_key": "apollo-router",
          "schema_version": 0,
          "attributes": {
            "arn": "arn:aws:ecr:ap-south-1:913524945602:repository/turbo-graphql/apollo-router",
            "encryption_configuration": [
              {
                "encryption_type": "AES256",
                "kms_key": ""
              }
            ],
            "force_delete": true,
            "id": "turbo-graphql/apollo-router",
            "image_scanning_configuration": [
              {
                "scan_on_push": true
              }
            ],
            "image_tag_mutability": "MUTABLE",
            "name": "turbo-graphql/apollo-router",
            "registry_id": "913524945602",
            "repository_url": "913524945602.dkr.ecr.ap-south-1.amazonaws.com/turbo-graphql/apollo-router",
            "tags": {
              "Environment": "production",
              "Name": "turbo-graphql/apollo-router"
            },
            "tags_all": {
              "Environment": "production",
              "Name": "turbo-graphql/apollo-router"
            },
            "timeouts": null
          },
          "sensitive_attributes": [],
          "identity_schema_version": 0,
          "private": "eyJlMmJmYjczMC1lY2FhLTExZTYtOGY4OC0zNDM2M2JjN2M0YzAiOnsiZGVsZXRlIjoxMjAwMDAwMDAwMDAwfX0="
        },
        {
          "index_key": "comments-service",
          "schema_version": 0,
          "attributes": {
            "arn": "arn:aws:ecr:ap-south-1:913524945602:repository/turbo-graphql/comments-service",
            "encryption_configuration": [
              {
                "encryption_type": "AES256",
                "kms_key": ""
              }
            ],
            "force_delete": true,
            "id": "turbo-graphql/comments-service",
            "image_scanning_configuration": [
              {
                "scan_on_push": true
              }
            ],
            "image_tag_mutability": "MUTABLE",
            "name": "turbo-graphql/comments-service",
            "registry_id": "913524945602",
            "repository_url": "913524945602.dkr.ecr.ap-south-1.amazonaws.com/turbo-graphql/comments-service",
            "tags": {
              "Environment": "production",
              "Name": "turbo-graphql/comments-service"
            },
            "tags_all": {
              "Environment": "production",
              "Name": "turbo-graphql/comments-service"
            },
            "timeouts": null
          },
          "sensitive_attributes": [],
          "identity_schema_version": 0,
          "private": "eyJlMmJmYjczMC1lY2FhLTExZTYtOGY4OC0zNDM2M2JjN2M0YzAiOnsiZGVsZXRlIjoxMjAwMDAwMDAwMDAwfX0="
        },
        {
          "index_key": "posts-service",
          "schema_version": 0,
          "attributes": {
            "arn": "arn:aws:ecr:ap-south-1:913524945602:repository/turbo-graphql/posts-service",
            "encryption_configuration": [
              {
                "encryption_type": "AES256",
                "kms_key": ""
              }
            ],
            "force_delete": true,
            "id": "turbo-graphql/posts-service",
            "image_scanning_configuration": [
              {
                "scan_on_push": true
              }
            ],
            "image_tag_mutability": "MUTABLE",
            "name": "turbo-graphql/posts-service",
            "registry_id": "913524945602",
            "repository_url": "913524945602.dkr.ecr.ap-south-1.amazonaws.com/turbo-graphql/posts-service",
            "tags": {
              "Environment": "production",
              "Name": "turbo-graphql/posts-service"
            },
            "tags_all": {
              "Environment": "production",
              "Name": "turbo-graphql/posts-service"
            },
            "timeouts": null
          },
          "sensitive_attributes": [],
          "identity_schema_version": 0,
          "private": "eyJlMmJmYjczMC1lY2FhLTExZTYtOGY4OC0zNDM2M2JjN2M0YzAiOnsiZGVsZXRlIjoxMjAwMDAwMDAwMDAwfX0="
        },
        {
          "index_key": "users-service",
          "schema_version": 0,
          "attributes": {
            "arn": "arn:aws:ecr:ap-south-1:913524945602:repository/turbo-graphql/users-service",
            "encryption_configuration": [
              {
                "encryption_type": "AES256",
                "kms_key": ""
              }
            ],
            "force_delete": true,
            "id": "turbo-graphql/users-service",
            "image_scanning_configuration": [
              {
                "scan_on_push": true
              }
            ],
            "image_tag_mutability": "MUTABLE",
            "name": "turbo-graphql/users-service",
            "registry_id": "913524945602",
            "repository_url": "913524945602.dkr.ecr.ap-south-1.amazonaws.com/turbo-graphql/users-service",
            "tags": {
              "Environment": "production",
              "Name": "turbo-graphql/users-service"
            },
            "tags_all": {
              "Environment": "production",
              "Name": "turbo-graphql/users-service"
            },
            "timeouts": null
          },
          "sensitive_attributes": [],
          "identity_schema_version": 0,
          "private": "eyJlMmJmYjczMC1lY2FhLTExZTYtOGY4OC0zNDM2M2JjN2M0YzAiOnsiZGVsZXRlIjoxMjAwMDAwMDAwMDAwfX0="
        }
      ]
    },
    {
      "module": "module.ecs",
      "mode": "data",
      "type": "aws_caller_identity",
      "name": "current",
      "provider": "provider[\"registry.terraform.io/hashicorp/aws\"]",
      "instances": [
        {
          "schema_version": 0,
          "attributes": {
            "account_id": "913524945602",
            "arn": "arn:aws:iam::913524945602:user/raydedon",
            "id": "913524945602",
            "user_id": "AIDA5JMSUOLBFCOJOFUBN"
          },
          "sensitive_attributes": [],
          "identity_schema_version": 0
        }
      ]
    },
    {
      "module": "module.ecs",
      "mode": "managed",
      "type": "aws_cloudwatch_log_group",
      "name": "router",
      "provider": "provider[\"registry.terraform.io/hashicorp/aws\"]",
      "instances": [
        {
          "schema_version": 0,
          "attributes": {
            "arn": "arn:aws:logs:ap-south-1:913524945602:log-group:/ecs/turbo-graphql/apollo-router",
            "id": "/ecs/turbo-graphql/apollo-router",
            "kms_key_id": "",
            "log_group_class": "STANDARD",
            "name": "/ecs/turbo-graphql/apollo-router",
            "name_prefix": "",
            "retention_in_days": 14,
            "skip_destroy": false,
            "tags": {
              "Environment": "production"
            },
            "tags_all": {
              "Environment": "production"
            }
          },
          "sensitive_attributes": [],
          "identity_schema_version": 0,
          "private": "bnVsbA=="
        }
      ]
    },
    {
      "module": "module.ecs",
      "mode": "managed",
      "type": "aws_cloudwatch_log_group",
      "name": "services",
      "provider": "provider[\"registry.terraform.io/hashicorp/aws\"]",
      "instances": [
        {
          "index_key": "comments-service",
          "schema_version": 0,
          "attributes": {
            "arn": "arn:aws:logs:ap-south-1:913524945602:log-group:/ecs/turbo-graphql/comments-service",
            "id": "/ecs/turbo-graphql/comments-service",
            "kms_key_id": "",
            "log_group_class": "STANDARD",
            "name": "/ecs/turbo-graphql/comments-service",
            "name_prefix": "",
            "retention_in_days": 14,
            "skip_destroy": false,
            "tags": {
              "Environment": "production"
            },
            "tags_all": {
              "Environment": "production"
            }
          },
          "sensitive_attributes": [],
          "identity_schema_version": 0,
          "private": "bnVsbA==",
          "dependencies": [
            "module.rds.aws_secretsmanager_secret.db_url"
          ]
        },
        {
          "index_key": "posts-service",
          "schema_version": 0,
          "attributes": {
            "arn": "arn:aws:logs:ap-south-1:913524945602:log-group:/ecs/turbo-graphql/posts-service",
            "id": "/ecs/turbo-graphql/posts-service",
            "kms_key_id": "",
            "log_group_class": "STANDARD",
            "name": "/ecs/turbo-graphql/posts-service",
            "name_prefix": "",
            "retention_in_days": 14,
            "skip_destroy": false,
            "tags": {
              "Environment": "production"
            },
            "tags_all": {
              "Environment": "production"
            }
          },
          "sensitive_attributes": [],
          "identity_schema_version": 0,
          "private": "bnVsbA==",
          "dependencies": [
            "module.rds.aws_secretsmanager_secret.db_url"
          ]
        },
        {
          "index_key": "users-service",
          "schema_version": 0,
          "attributes": {
            "arn": "arn:aws:logs:ap-south-1:913524945602:log-group:/ecs/turbo-graphql/users-service",
            "id": "/ecs/turbo-graphql/users-service",
            "kms_key_id": "",
            "log_group_class": "STANDARD",
            "name": "/ecs/turbo-graphql/users-service",
            "name_prefix": "",
            "retention_in_days": 14,
            "skip_destroy": false,
            "tags": {
              "Environment": "production"
            },
            "tags_all": {
              "Environment": "production"
            }
          },
          "sensitive_attributes": [],
          "identity_schema_version": 0,
          "private": "bnVsbA==",
          "dependencies": [
            "module.rds.aws_secretsmanager_secret.db_url"
          ]
        }
      ]
    },
    {
      "module": "module.ecs",
      "mode": "managed",
      "type": "aws_ecs_cluster",
      "name": "this",
      "provider": "provider[\"registry.terraform.io/hashicorp/aws\"]",
      "instances": [
        {
          "schema_version": 0,
          "attributes": {
            "arn": "arn:aws:ecs:ap-south-1:913524945602:cluster/turbo-graphql-production",
            "configuration": [],
            "id": "arn:aws:ecs:ap-south-1:913524945602:cluster/turbo-graphql-production",
            "name": "turbo-graphql-production",
            "service_connect_defaults": [],
            "setting": [
              {
                "name": "containerInsights",
                "value": "enabled"
              }
            ],
            "tags": {
              "Environment": "production",
              "Name": "turbo-graphql-production"
            },
            "tags_all": {
              "Environment": "production",
              "Name": "turbo-graphql-production"
            }
          },
          "sensitive_attributes": [],
          "identity_schema_version": 0,
          "private": "bnVsbA=="
        }
      ]
    },
    {
      "module": "module.ecs",
      "mode": "managed",
      "type": "aws_ecs_service",
      "name": "router",
      "provider": "provider[\"registry.terraform.io/hashicorp/aws\"]",
      "instances": [
        {
          "schema_version": 1,
          "attributes": {
            "alarms": [],
            "availability_zone_rebalancing": "DISABLED",
            "capacity_provider_strategy": [],
            "cluster": "arn:aws:ecs:ap-south-1:913524945602:cluster/turbo-graphql-production",
            "deployment_circuit_breaker": [
              {
                "enable": false,
                "rollback": false
              }
            ],
            "deployment_controller": [
              {
                "type": "ECS"
              }
            ],
            "deployment_maximum_percent": 200,
            "deployment_minimum_healthy_percent": 100,
            "desired_count": 1,
            "enable_ecs_managed_tags": false,
            "enable_execute_command": false,
            "force_delete": null,
            "force_new_deployment": null,
            "health_check_grace_period_seconds": 0,
            "iam_role": "/aws-service-role/ecs.amazonaws.com/AWSServiceRoleForECS",
            "id": "arn:aws:ecs:ap-south-1:913524945602:service/turbo-graphql-production/turbo-graphql-production-apollo-router",
            "launch_type": "FARGATE",
            "load_balancer": [
              {
                "container_name": "router",
                "container_port": 4000,
                "elb_name": "",
                "target_group_arn": "arn:aws:elasticloadbalancing:ap-south-1:913524945602:targetgroup/turbo-graphql-produc-router-tg/4b2883e3296b2ed5"
              }
            ],
            "name": "turbo-graphql-production-apollo-router",
            "network_configuration": [
              {
                "assign_public_ip": true,
                "security_groups": [
                  "sg-0d0538742dade05d1"
                ],
                "subnets": [
                  "subnet-07a57c2b3ea82adec",
                  "subnet-08b8036d1f95e3cf7",
                  "subnet-0c5232e2073af7310"
                ]
              }
            ],
            "ordered_placement_strategy": [],
            "placement_constraints": [],
            "platform_version": "LATEST",
            "propagate_tags": "NONE",
            "scheduling_strategy": "REPLICA",
            "service_connect_configuration": [],
            "service_registries": [],
            "tags": {
              "Environment": "production"
            },
            "tags_all": {
              "Environment": "production"
            },
            "task_definition": "arn:aws:ecs:ap-south-1:913524945602:task-definition/turbo-graphql-production-apollo-router:1",
            "timeouts": null,
            "triggers": {},
            "volume_configuration": [],
            "vpc_lattice_configurations": [],
            "wait_for_steady_state": false
          },
          "sensitive_attributes": [],
          "identity_schema_version": 0,
          "private": "eyJlMmJmYjczMC1lY2FhLTExZTYtOGY4OC0zNDM2M2JjN2M0YzAiOnsiY3JlYXRlIjoxMjAwMDAwMDAwMDAwLCJkZWxldGUiOjEyMDAwMDAwMDAwMDAsInVwZGF0ZSI6MTIwMDAwMDAwMDAwMH0sInNjaGVtYV92ZXJzaW9uIjoiMSJ9",
          "dependencies": [
            "module.alb.aws_lb_target_group.router",
            "module.ecs.aws_ecs_cluster.this",
            "module.ecs.aws_ecs_task_definition.router",
            "module.ecs.data.aws_caller_identity.current",
            "module.iam.aws_iam_role.ecs_task_execution",
            "module.networking.aws_security_group.alb",
            "module.networking.aws_security_group.ecs"
          ]
        }
      ]
    },
    {
      "module": "module.ecs",
      "mode": "managed",
      "type": "aws_ecs_service",
      "name": "services",
      "provider": "provider[\"registry.terraform.io/hashicorp/aws\"]",
      "instances": [
        {
          "index_key": "comments-service",
          "schema_version": 1,
          "attributes": {
            "alarms": [],
            "availability_zone_rebalancing": "DISABLED",
            "capacity_provider_strategy": [],
            "cluster": "arn:aws:ecs:ap-south-1:913524945602:cluster/turbo-graphql-production",
            "deployment_circuit_breaker": [
              {
                "enable": false,
                "rollback": false
              }
            ],
            "deployment_controller": [
              {
                "type": "ECS"
              }
            ],
            "deployment_maximum_percent": 200,
            "deployment_minimum_healthy_percent": 100,
            "desired_count": 1,
            "enable_ecs_managed_tags": false,
            "enable_execute_command": false,
            "force_delete": null,
            "force_new_deployment": null,
            "health_check_grace_period_seconds": 0,
            "iam_role": "/aws-service-role/ecs.amazonaws.com/AWSServiceRoleForECS",
            "id": "arn:aws:ecs:ap-south-1:913524945602:service/turbo-graphql-production/turbo-graphql-production-comments-service",
            "launch_type": "FARGATE",
            "load_balancer": [],
            "name": "turbo-graphql-production-comments-service",
            "network_configuration": [
              {
                "assign_public_ip": true,
                "security_groups": [
                  "sg-0d0538742dade05d1"
                ],
                "subnets": [
                  "subnet-07a57c2b3ea82adec",
                  "subnet-08b8036d1f95e3cf7",
                  "subnet-0c5232e2073af7310"
                ]
              }
            ],
            "ordered_placement_strategy": [],
            "placement_constraints": [],
            "platform_version": "LATEST",
            "propagate_tags": "NONE",
            "scheduling_strategy": "REPLICA",
            "service_connect_configuration": [],
            "service_registries": [
              {
                "container_name": "",
                "container_port": 0,
                "port": 0,
                "registry_arn": "arn:aws:servicediscovery:ap-south-1:913524945602:service/srv-43qlksbzkx5ssvtx"
              }
            ],
            "tags": {
              "Environment": "production"
            },
            "tags_all": {
              "Environment": "production"
            },
            "task_definition": "arn:aws:ecs:ap-south-1:913524945602:task-definition/turbo-graphql-production-comments-service:1",
            "timeouts": null,
            "triggers": {},
            "volume_configuration": [],
            "vpc_lattice_configurations": [],
            "wait_for_steady_state": false
          },
          "sensitive_attributes": [],
          "identity_schema_version": 0,
          "private": "eyJlMmJmYjczMC1lY2FhLTExZTYtOGY4OC0zNDM2M2JjN2M0YzAiOnsiY3JlYXRlIjoxMjAwMDAwMDAwMDAwLCJkZWxldGUiOjEyMDAwMDAwMDAwMDAsInVwZGF0ZSI6MTIwMDAwMDAwMDAwMH0sInNjaGVtYV92ZXJzaW9uIjoiMSJ9",
          "dependencies": [
            "module.ecs.aws_ecs_cluster.this",
            "module.ecs.aws_ecs_task_definition.services",
            "module.ecs.aws_service_discovery_private_dns_namespace.this",
            "module.ecs.aws_service_discovery_service.services",
            "module.ecs.data.aws_caller_identity.current",
            "module.iam.aws_iam_role.ecs_task_execution",
            "module.networking.aws_security_group.alb",
            "module.networking.aws_security_group.ecs",
            "module.rds.aws_secretsmanager_secret.db_url"
          ]
        },
        {
          "index_key": "posts-service",
          "schema_version": 1,
          "attributes": {
            "alarms": [],
            "availability_zone_rebalancing": "DISABLED",
            "capacity_provider_strategy": [],
            "cluster": "arn:aws:ecs:ap-south-1:913524945602:cluster/turbo-graphql-production",
            "deployment_circuit_breaker": [
              {
                "enable": false,
                "rollback": false
              }
            ],
            "deployment_controller": [
              {
                "type": "ECS"
              }
            ],
            "deployment_maximum_percent": 200,
            "deployment_minimum_healthy_percent": 100,
            "desired_count": 1,
            "enable_ecs_managed_tags": false,
            "enable_execute_command": false,
            "force_delete": null,
            "force_new_deployment": null,
            "health_check_grace_period_seconds": 0,
            "iam_role": "/aws-service-role/ecs.amazonaws.com/AWSServiceRoleForECS",
            "id": "arn:aws:ecs:ap-south-1:913524945602:service/turbo-graphql-production/turbo-graphql-production-posts-service",
            "launch_type": "FARGATE",
            "load_balancer": [],
            "name": "turbo-graphql-production-posts-service",
            "network_configuration": [
              {
                "assign_public_ip": true,
                "security_groups": [
                  "sg-0d0538742dade05d1"
                ],
                "subnets": [
                  "subnet-07a57c2b3ea82adec",
                  "subnet-08b8036d1f95e3cf7",
                  "subnet-0c5232e2073af7310"
                ]
              }
            ],
            "ordered_placement_strategy": [],
            "placement_constraints": [],
            "platform_version": "LATEST",
            "propagate_tags": "NONE",
            "scheduling_strategy": "REPLICA",
            "service_connect_configuration": [],
            "service_registries": [
              {
                "container_name": "",
                "container_port": 0,
                "port": 0,
                "registry_arn": "arn:aws:servicediscovery:ap-south-1:913524945602:service/srv-ewvsxwfdfjgubzvz"
              }
            ],
            "tags": {
              "Environment": "production"
            },
            "tags_all": {
              "Environment": "production"
            },
            "task_definition": "arn:aws:ecs:ap-south-1:913524945602:task-definition/turbo-graphql-production-posts-service:1",
            "timeouts": null,
            "triggers": {},
            "volume_configuration": [],
            "vpc_lattice_configurations": [],
            "wait_for_steady_state": false
          },
          "sensitive_attributes": [],
          "identity_schema_version": 0,
          "private": "eyJlMmJmYjczMC1lY2FhLTExZTYtOGY4OC0zNDM2M2JjN2M0YzAiOnsiY3JlYXRlIjoxMjAwMDAwMDAwMDAwLCJkZWxldGUiOjEyMDAwMDAwMDAwMDAsInVwZGF0ZSI6MTIwMDAwMDAwMDAwMH0sInNjaGVtYV92ZXJzaW9uIjoiMSJ9",
          "dependencies": [
            "module.ecs.aws_ecs_cluster.this",
            "module.ecs.aws_ecs_task_definition.services",
            "module.ecs.aws_service_discovery_private_dns_namespace.this",
            "module.ecs.aws_service_discovery_service.services",
            "module.ecs.data.aws_caller_identity.current",
            "module.iam.aws_iam_role.ecs_task_execution",
            "module.networking.aws_security_group.alb",
            "module.networking.aws_security_group.ecs",
            "module.rds.aws_secretsmanager_secret.db_url"
          ]
        },
        {
          "index_key": "users-service",
          "schema_version": 1,
          "attributes": {
            "alarms": [],
            "availability_zone_rebalancing": "DISABLED",
            "capacity_provider_strategy": [],
            "cluster": "arn:aws:ecs:ap-south-1:913524945602:cluster/turbo-graphql-production",
            "deployment_circuit_breaker": [
              {
                "enable": false,
                "rollback": false
              }
            ],
            "deployment_controller": [
              {
                "type": "ECS"
              }
            ],
            "deployment_maximum_percent": 200,
            "deployment_minimum_healthy_percent": 100,
            "desired_count": 1,
            "enable_ecs_managed_tags": false,
            "enable_execute_command": false,
            "force_delete": null,
            "force_new_deployment": null,
            "health_check_grace_period_seconds": 0,
            "iam_role": "/aws-service-role/ecs.amazonaws.com/AWSServiceRoleForECS",
            "id": "arn:aws:ecs:ap-south-1:913524945602:service/turbo-graphql-production/turbo-graphql-production-users-service",
            "launch_type": "FARGATE",
            "load_balancer": [],
            "name": "turbo-graphql-production-users-service",
            "network_configuration": [
              {
                "assign_public_ip": true,
                "security_groups": [
                  "sg-0d0538742dade05d1"
                ],
                "subnets": [
                  "subnet-07a57c2b3ea82adec",
                  "subnet-08b8036d1f95e3cf7",
                  "subnet-0c5232e2073af7310"
                ]
              }
            ],
            "ordered_placement_strategy": [],
            "placement_constraints": [],
            "platform_version": "LATEST",
            "propagate_tags": "NONE",
            "scheduling_strategy": "REPLICA",
            "service_connect_configuration": [],
            "service_registries": [
              {
                "container_name": "",
                "container_port": 0,
                "port": 0,
                "registry_arn": "arn:aws:servicediscovery:ap-south-1:913524945602:service/srv-hlwmymhvekhdigep"
              }
            ],
            "tags": {
              "Environment": "production"
            },
            "tags_all": {
              "Environment": "production"
            },
            "task_definition": "arn:aws:ecs:ap-south-1:913524945602:task-definition/turbo-graphql-production-users-service:1",
            "timeouts": null,
            "triggers": {},
            "volume_configuration": [],
            "vpc_lattice_configurations": [],
            "wait_for_steady_state": false
          },
          "sensitive_attributes": [],
          "identity_schema_version": 0,
          "private": "eyJlMmJmYjczMC1lY2FhLTExZTYtOGY4OC0zNDM2M2JjN2M0YzAiOnsiY3JlYXRlIjoxMjAwMDAwMDAwMDAwLCJkZWxldGUiOjEyMDAwMDAwMDAwMDAsInVwZGF0ZSI6MTIwMDAwMDAwMDAwMH0sInNjaGVtYV92ZXJzaW9uIjoiMSJ9",
          "dependencies": [
            "module.ecs.aws_ecs_cluster.this",
            "module.ecs.aws_ecs_task_definition.services",
            "module.ecs.aws_service_discovery_private_dns_namespace.this",
            "module.ecs.aws_service_discovery_service.services",
            "module.ecs.data.aws_caller_identity.current",
            "module.iam.aws_iam_role.ecs_task_execution",
            "module.networking.aws_security_group.alb",
            "module.networking.aws_security_group.ecs",
            "module.rds.aws_secretsmanager_secret.db_url"
          ]
        }
      ]
    },
    {
      "module": "module.ecs",
      "mode": "managed",
      "type": "aws_ecs_task_definition",
      "name": "migrate",
      "provider": "provider[\"registry.terraform.io/hashicorp/aws\"]",
      "instances": [
        {
          "index_key": "comments-service",
          "schema_version": 1,
          "attributes": {
            "arn": "arn:aws:ecs:ap-south-1:913524945602:task-definition/turbo-graphql-production-comments-service-migrate:1",
            "arn_without_revision": "arn:aws:ecs:ap-south-1:913524945602:task-definition/turbo-graphql-production-comments-service-migrate",
            "container_definitions": "[{\"command\":[\"npx\",\"prisma\",\"migrate\",\"deploy\"],\"environment\":[{\"name\":\"NODE_ENV\",\"value\":\"production\"}],\"essential\":true,\"image\":\"913524945602.dkr.ecr.ap-south-1.amazonaws.com/turbo-graphql/comments-service:latest\",\"logConfiguration\":{\"logDriver\":\"awslogs\",\"options\":{\"awslogs-group\":\"/ecs/turbo-graphql/comments-service\",\"awslogs-region\":\"ap-south-1\",\"awslogs-stream-prefix\":\"migrate\"}},\"mountPoints\":[],\"name\":\"app\",\"portMappings\":[],\"secrets\":[{\"name\":\"DATABASE_URL\",\"valueFrom\":\"arn:aws:secretsmanager:ap-south-1:913524945602:secret:turbo-graphql/production/comments/DATABASE_URL-ZCZsVi\"}],\"systemControls\":[],\"volumesFrom\":[]}]",
            "cpu": "256",
            "enable_fault_injection": false,
            "ephemeral_storage": [],
            "execution_role_arn": "arn:aws:iam::913524945602:role/turbo-graphql-production-ecs-execution",
            "family": "turbo-graphql-production-comments-service-migrate",
            "id": "turbo-graphql-production-comments-service-migrate",
            "inference_accelerator": [],
            "ipc_mode": "",
            "memory": "512",
            "network_mode": "awsvpc",
            "pid_mode": "",
            "placement_constraints": [],
            "proxy_configuration": [],
            "requires_compatibilities": [
              "FARGATE"
            ],
            "revision": 1,
            "runtime_platform": [],
            "skip_destroy": false,
            "tags": {
              "Environment": "production"
            },
            "tags_all": {
              "Environment": "production"
            },
            "task_role_arn": "",
            "track_latest": false,
            "volume": []
          },
          "sensitive_attributes": [],
          "identity_schema_version": 0,
          "private": "eyJzY2hlbWFfdmVyc2lvbiI6IjEifQ==",
          "dependencies": [
            "module.ecs.data.aws_caller_identity.current",
            "module.iam.aws_iam_role.ecs_task_execution",
            "module.rds.aws_secretsmanager_secret.db_url"
          ]
        },
        {
          "index_key": "posts-service",
          "schema_version": 1,
          "attributes": {
            "arn": "arn:aws:ecs:ap-south-1:913524945602:task-definition/turbo-graphql-production-posts-service-migrate:1",
            "arn_without_revision": "arn:aws:ecs:ap-south-1:913524945602:task-definition/turbo-graphql-production-posts-service-migrate",
            "container_definitions": "[{\"command\":[\"npx\",\"prisma\",\"migrate\",\"deploy\"],\"environment\":[{\"name\":\"NODE_ENV\",\"value\":\"production\"}],\"essential\":true,\"image\":\"913524945602.dkr.ecr.ap-south-1.amazonaws.com/turbo-graphql/posts-service:latest\",\"logConfiguration\":{\"logDriver\":\"awslogs\",\"options\":{\"awslogs-group\":\"/ecs/turbo-graphql/posts-service\",\"awslogs-region\":\"ap-south-1\",\"awslogs-stream-prefix\":\"migrate\"}},\"mountPoints\":[],\"name\":\"app\",\"portMappings\":[],\"secrets\":[{\"name\":\"DATABASE_URL\",\"valueFrom\":\"arn:aws:secretsmanager:ap-south-1:913524945602:secret:turbo-graphql/production/posts/DATABASE_URL-8IBask\"}],\"systemControls\":[],\"volumesFrom\":[]}]",
            "cpu": "256",
            "enable_fault_injection": false,
            "ephemeral_storage": [],
            "execution_role_arn": "arn:aws:iam::913524945602:role/turbo-graphql-production-ecs-execution",
            "family": "turbo-graphql-production-posts-service-migrate",
            "id": "turbo-graphql-production-posts-service-migrate",
            "inference_accelerator": [],
            "ipc_mode": "",
            "memory": "512",
            "network_mode": "awsvpc",
            "pid_mode": "",
            "placement_constraints": [],
            "proxy_configuration": [],
            "requires_compatibilities": [
              "FARGATE"
            ],
            "revision": 1,
            "runtime_platform": [],
            "skip_destroy": false,
            "tags": {
              "Environment": "production"
            },
            "tags_all": {
              "Environment": "production"
            },
            "task_role_arn": "",
            "track_latest": false,
            "volume": []
          },
          "sensitive_attributes": [],
          "identity_schema_version": 0,
          "private": "eyJzY2hlbWFfdmVyc2lvbiI6IjEifQ==",
          "dependencies": [
            "module.ecs.data.aws_caller_identity.current",
            "module.iam.aws_iam_role.ecs_task_execution",
            "module.rds.aws_secretsmanager_secret.db_url"
          ]
        },
        {
          "index_key": "users-service",
          "schema_version": 1,
          "attributes": {
            "arn": "arn:aws:ecs:ap-south-1:913524945602:task-definition/turbo-graphql-production-users-service-migrate:1",
            "arn_without_revision": "arn:aws:ecs:ap-south-1:913524945602:task-definition/turbo-graphql-production-users-service-migrate",
            "container_definitions": "[{\"command\":[\"npx\",\"prisma\",\"migrate\",\"deploy\"],\"environment\":[{\"name\":\"NODE_ENV\",\"value\":\"production\"}],\"essential\":true,\"image\":\"913524945602.dkr.ecr.ap-south-1.amazonaws.com/turbo-graphql/users-service:latest\",\"logConfiguration\":{\"logDriver\":\"awslogs\",\"options\":{\"awslogs-group\":\"/ecs/turbo-graphql/users-service\",\"awslogs-region\":\"ap-south-1\",\"awslogs-stream-prefix\":\"migrate\"}},\"mountPoints\":[],\"name\":\"app\",\"portMappings\":[],\"secrets\":[{\"name\":\"DATABASE_URL\",\"valueFrom\":\"arn:aws:secretsmanager:ap-south-1:913524945602:secret:turbo-graphql/production/users/DATABASE_URL-HGpP6k\"}],\"systemControls\":[],\"volumesFrom\":[]}]",
            "cpu": "256",
            "enable_fault_injection": false,
            "ephemeral_storage": [],
            "execution_role_arn": "arn:aws:iam::913524945602:role/turbo-graphql-production-ecs-execution",
            "family": "turbo-graphql-production-users-service-migrate",
            "id": "turbo-graphql-production-users-service-migrate",
            "inference_accelerator": [],
            "ipc_mode": "",
            "memory": "512",
            "network_mode": "awsvpc",
            "pid_mode": "",
            "placement_constraints": [],
            "proxy_configuration": [],
            "requires_compatibilities": [
              "FARGATE"
            ],
            "revision": 1,
            "runtime_platform": [],
            "skip_destroy": false,
            "tags": {
              "Environment": "production"
            },
            "tags_all": {
              "Environment": "production"
            },
            "task_role_arn": "",
            "track_latest": false,
            "volume": []
          },
          "sensitive_attributes": [],
          "identity_schema_version": 0,
          "private": "eyJzY2hlbWFfdmVyc2lvbiI6IjEifQ==",
          "dependencies": [
            "module.ecs.data.aws_caller_identity.current",
            "module.iam.aws_iam_role.ecs_task_execution",
            "module.rds.aws_secretsmanager_secret.db_url"
          ]
        }
      ]
    },
    {
      "module": "module.ecs",
      "mode": "managed",
      "type": "aws_ecs_task_definition",
      "name": "router",
      "provider": "provider[\"registry.terraform.io/hashicorp/aws\"]",
      "instances": [
        {
          "schema_version": 1,
          "attributes": {
            "arn": "arn:aws:ecs:ap-south-1:913524945602:task-definition/turbo-graphql-production-apollo-router:2",
            "arn_without_revision": "arn:aws:ecs:ap-south-1:913524945602:task-definition/turbo-graphql-production-apollo-router",
            "container_definitions": "[{\"environment\":[{\"name\":\"APOLLO_ROUTER_CONFIG_PATH\",\"value\":\"/dist/config/router.yaml\"},{\"name\":\"APOLLO_ROUTER_SUPERGRAPH_PATH\",\"value\":\"/dist/schema/supergraph.graphql\"}],\"essential\":true,\"healthCheck\":{\"command\":[\"CMD-SHELL\",\"curl -f http://localhost:4000/health || exit 1\"],\"interval\":30,\"retries\":3,\"startPeriod\":30,\"timeout\":5},\"image\":\"913524945602.dkr.ecr.ap-south-1.amazonaws.com/turbo-graphql/apollo-router:latest\",\"logConfiguration\":{\"logDriver\":\"awslogs\",\"options\":{\"awslogs-region\":\"ap-south-1\",\"awslogs-stream-prefix\":\"ecs\",\"awslogs-group\":\"/ecs/turbo-graphql/apollo-router\"}},\"mountPoints\":[],\"name\":\"router\",\"portMappings\":[{\"containerPort\":4000,\"hostPort\":4000,\"protocol\":\"tcp\"}],\"systemControls\":[],\"volumesFrom\":[]}]",
            "cpu": "256",
            "enable_fault_injection": false,
            "ephemeral_storage": [],
            "execution_role_arn": "arn:aws:iam::913524945602:role/turbo-graphql-production-ecs-execution",
            "family": "turbo-graphql-production-apollo-router",
            "id": "turbo-graphql-production-apollo-router",
            "inference_accelerator": [],
            "ipc_mode": "",
            "memory": "512",
            "network_mode": "awsvpc",
            "pid_mode": "",
            "placement_constraints": [],
            "proxy_configuration": [],
            "requires_compatibilities": [
              "FARGATE"
            ],
            "revision": 2,
            "runtime_platform": [],
            "skip_destroy": false,
            "tags": {
              "Environment": "production"
            },
            "tags_all": {
              "Environment": "production"
            },
            "task_role_arn": "",
            "track_latest": false,
            "volume": []
          },
          "sensitive_attributes": [],
          "identity_schema_version": 0,
          "private": "eyJzY2hlbWFfdmVyc2lvbiI6IjEifQ==",
          "dependencies": [
            "module.ecs.data.aws_caller_identity.current",
            "module.iam.aws_iam_role.ecs_task_execution"
          ]
        }
      ]
    },
    {
      "module": "module.ecs",
      "mode": "managed",
      "type": "aws_ecs_task_definition",
      "name": "services",
      "provider": "provider[\"registry.terraform.io/hashicorp/aws\"]",
      "instances": [
        {
          "index_key": "comments-service",
          "schema_version": 1,
          "attributes": {
            "arn": "arn:aws:ecs:ap-south-1:913524945602:task-definition/turbo-graphql-production-comments-service:1",
            "arn_without_revision": "arn:aws:ecs:ap-south-1:913524945602:task-definition/turbo-graphql-production-comments-service",
            "container_definitions": "[{\"environment\":[{\"name\":\"NODE_ENV\",\"value\":\"production\"},{\"name\":\"PORT\",\"value\":\"4003\"}],\"essential\":true,\"healthCheck\":{\"command\":[\"CMD-SHELL\",\"wget -qO- http://localhost:4003/health || exit 1\"],\"interval\":30,\"retries\":3,\"startPeriod\":60,\"timeout\":5},\"image\":\"913524945602.dkr.ecr.ap-south-1.amazonaws.com/turbo-graphql/comments-service:latest\",\"logConfiguration\":{\"logDriver\":\"awslogs\",\"options\":{\"awslogs-group\":\"/ecs/turbo-graphql/comments-service\",\"awslogs-region\":\"ap-south-1\",\"awslogs-stream-prefix\":\"ecs\"}},\"mountPoints\":[],\"name\":\"app\",\"portMappings\":[{\"containerPort\":4003,\"hostPort\":4003,\"protocol\":\"tcp\"}],\"secrets\":[{\"name\":\"DATABASE_URL\",\"valueFrom\":\"arn:aws:secretsmanager:ap-south-1:913524945602:secret:turbo-graphql/production/comments/DATABASE_URL-ZCZsVi\"}],\"systemControls\":[],\"volumesFrom\":[]}]",
            "cpu": "256",
            "enable_fault_injection": false,
            "ephemeral_storage": [],
            "execution_role_arn": "arn:aws:iam::913524945602:role/turbo-graphql-production-ecs-execution",
            "family": "turbo-graphql-production-comments-service",
            "id": "turbo-graphql-production-comments-service",
            "inference_accelerator": [],
            "ipc_mode": "",
            "memory": "512",
            "network_mode": "awsvpc",
            "pid_mode": "",
            "placement_constraints": [],
            "proxy_configuration": [],
            "requires_compatibilities": [
              "FARGATE"
            ],
            "revision": 1,
            "runtime_platform": [],
            "skip_destroy": false,
            "tags": {
              "Environment": "production"
            },
            "tags_all": {
              "Environment": "production"
            },
            "task_role_arn": "",
            "track_latest": false,
            "volume": []
          },
          "sensitive_attributes": [],
          "identity_schema_version": 0,
          "private": "eyJzY2hlbWFfdmVyc2lvbiI6IjEifQ==",
          "dependencies": [
            "module.ecs.data.aws_caller_identity.current",
            "module.iam.aws_iam_role.ecs_task_execution",
            "module.rds.aws_secretsmanager_secret.db_url"
          ]
        },
        {
          "index_key": "posts-service",
          "schema_version": 1,
          "attributes": {
            "arn": "arn:aws:ecs:ap-south-1:913524945602:task-definition/turbo-graphql-production-posts-service:1",
            "arn_without_revision": "arn:aws:ecs:ap-south-1:913524945602:task-definition/turbo-graphql-production-posts-service",
            "container_definitions": "[{\"environment\":[{\"name\":\"NODE_ENV\",\"value\":\"production\"},{\"name\":\"PORT\",\"value\":\"4002\"}],\"essential\":true,\"healthCheck\":{\"command\":[\"CMD-SHELL\",\"wget -qO- http://localhost:4002/health || exit 1\"],\"interval\":30,\"retries\":3,\"startPeriod\":60,\"timeout\":5},\"image\":\"913524945602.dkr.ecr.ap-south-1.amazonaws.com/turbo-graphql/posts-service:latest\",\"logConfiguration\":{\"logDriver\":\"awslogs\",\"options\":{\"awslogs-region\":\"ap-south-1\",\"awslogs-stream-prefix\":\"ecs\",\"awslogs-group\":\"/ecs/turbo-graphql/posts-service\"}},\"mountPoints\":[],\"name\":\"app\",\"portMappings\":[{\"containerPort\":4002,\"hostPort\":4002,\"protocol\":\"tcp\"}],\"secrets\":[{\"name\":\"DATABASE_URL\",\"valueFrom\":\"arn:aws:secretsmanager:ap-south-1:913524945602:secret:turbo-graphql/production/posts/DATABASE_URL-8IBask\"}],\"systemControls\":[],\"volumesFrom\":[]}]",
            "cpu": "256",
            "enable_fault_injection": false,
            "ephemeral_storage": [],
            "execution_role_arn": "arn:aws:iam::913524945602:role/turbo-graphql-production-ecs-execution",
            "family": "turbo-graphql-production-posts-service",
            "id": "turbo-graphql-production-posts-service",
            "inference_accelerator": [],
            "ipc_mode": "",
            "memory": "512",
            "network_mode": "awsvpc",
            "pid_mode": "",
            "placement_constraints": [],
            "proxy_configuration": [],
            "requires_compatibilities": [
              "FARGATE"
            ],
            "revision": 1,
            "runtime_platform": [],
            "skip_destroy": false,
            "tags": {
              "Environment": "production"
            },
            "tags_all": {
              "Environment": "production"
            },
            "task_role_arn": "",
            "track_latest": false,
            "volume": []
          },
          "sensitive_attributes": [],
          "identity_schema_version": 0,
          "private": "eyJzY2hlbWFfdmVyc2lvbiI6IjEifQ==",
          "dependencies": [
            "module.ecs.data.aws_caller_identity.current",
            "module.iam.aws_iam_role.ecs_task_execution",
            "module.rds.aws_secretsmanager_secret.db_url"
          ]
        },
        {
          "index_key": "users-service",
          "schema_version": 1,
          "attributes": {
            "arn": "arn:aws:ecs:ap-south-1:913524945602:task-definition/turbo-graphql-production-users-service:1",
            "arn_without_revision": "arn:aws:ecs:ap-south-1:913524945602:task-definition/turbo-graphql-production-users-service",
            "container_definitions": "[{\"environment\":[{\"name\":\"NODE_ENV\",\"value\":\"production\"},{\"name\":\"PORT\",\"value\":\"4001\"}],\"essential\":true,\"healthCheck\":{\"command\":[\"CMD-SHELL\",\"wget -qO- http://localhost:4001/health || exit 1\"],\"interval\":30,\"retries\":3,\"startPeriod\":60,\"timeout\":5},\"image\":\"913524945602.dkr.ecr.ap-south-1.amazonaws.com/turbo-graphql/users-service:latest\",\"logConfiguration\":{\"logDriver\":\"awslogs\",\"options\":{\"awslogs-region\":\"ap-south-1\",\"awslogs-stream-prefix\":\"ecs\",\"awslogs-group\":\"/ecs/turbo-graphql/users-service\"}},\"mountPoints\":[],\"name\":\"app\",\"portMappings\":[{\"containerPort\":4001,\"hostPort\":4001,\"protocol\":\"tcp\"}],\"secrets\":[{\"name\":\"DATABASE_URL\",\"valueFrom\":\"arn:aws:secretsmanager:ap-south-1:913524945602:secret:turbo-graphql/production/users/DATABASE_URL-HGpP6k\"}],\"systemControls\":[],\"volumesFrom\":[]}]",
            "cpu": "256",
            "enable_fault_injection": false,
            "ephemeral_storage": [],
            "execution_role_arn": "arn:aws:iam::913524945602:role/turbo-graphql-production-ecs-execution",
            "family": "turbo-graphql-production-users-service",
            "id": "turbo-graphql-production-users-service",
            "inference_accelerator": [],
            "ipc_mode": "",
            "memory": "512",
            "network_mode": "awsvpc",
            "pid_mode": "",
            "placement_constraints": [],
            "proxy_configuration": [],
            "requires_compatibilities": [
              "FARGATE"
            ],
            "revision": 1,
            "runtime_platform": [],
            "skip_destroy": false,
            "tags": {
              "Environment": "production"
            },
            "tags_all": {
              "Environment": "production"
            },
            "task_role_arn": "",
            "track_latest": false,
            "volume": []
          },
          "sensitive_attributes": [],
          "identity_schema_version": 0,
          "private": "eyJzY2hlbWFfdmVyc2lvbiI6IjEifQ==",
          "dependencies": [
            "module.ecs.data.aws_caller_identity.current",
            "module.iam.aws_iam_role.ecs_task_execution",
            "module.rds.aws_secretsmanager_secret.db_url"
          ]
        }
      ]
    },
    {
      "module": "module.ecs",
      "mode": "managed",
      "type": "aws_service_discovery_private_dns_namespace",
      "name": "this",
      "provider": "provider[\"registry.terraform.io/hashicorp/aws\"]",
      "instances": [
        {
          "schema_version": 0,
          "attributes": {
            "arn": "arn:aws:servicediscovery:ap-south-1:913524945602:namespace/ns-3ecsv5uo6zdv4zhx",
            "description": "Private DNS namespace for turbo-graphql ECS services",
            "hosted_zone": "Z03393563E7Y9CQ49D6T4",
            "id": "ns-3ecsv5uo6zdv4zhx",
            "name": "turbo-graphql.local",
            "tags": {},
            "tags_all": {},
            "vpc": "vpc-0411fd9fad810705e"
          },
          "sensitive_attributes": [],
          "identity_schema_version": 0,
          "private": "bnVsbA=="
        }
      ]
    },
    {
      "module": "module.ecs",
      "mode": "managed",
      "type": "aws_service_discovery_service",
      "name": "services",
      "provider": "provider[\"registry.terraform.io/hashicorp/aws\"]",
      "instances": [
        {
          "index_key": "comments-service",
          "schema_version": 0,
          "attributes": {
            "arn": "arn:aws:servicediscovery:ap-south-1:913524945602:service/srv-43qlksbzkx5ssvtx",
            "description": "",
            "dns_config": [
              {
                "dns_records": [
                  {
                    "ttl": 10,
                    "type": "A"
                  }
                ],
                "namespace_id": "ns-3ecsv5uo6zdv4zhx",
                "routing_policy": "MULTIVALUE"
              }
            ],
            "force_destroy": false,
            "health_check_config": [],
            "health_check_custom_config": [
              {
                "failure_threshold": 1
              }
            ],
            "id": "srv-43qlksbzkx5ssvtx",
            "name": "comments-service",
            "namespace_id": "ns-3ecsv5uo6zdv4zhx",
            "tags": {},
            "tags_all": {},
            "type": "DNS_HTTP"
          },
          "sensitive_attributes": [],
          "identity_schema_version": 0,
          "private": "bnVsbA==",
          "dependencies": [
            "module.ecs.aws_service_discovery_private_dns_namespace.this",
            "module.rds.aws_secretsmanager_secret.db_url"
          ]
        },
        {
          "index_key": "posts-service",
          "schema_version": 0,
          "attributes": {
            "arn": "arn:aws:servicediscovery:ap-south-1:913524945602:service/srv-ewvsxwfdfjgubzvz",
            "description": "",
            "dns_config": [
              {
                "dns_records": [
                  {
                    "ttl": 10,
                    "type": "A"
                  }
                ],
                "namespace_id": "ns-3ecsv5uo6zdv4zhx",
                "routing_policy": "MULTIVALUE"
              }
            ],
            "force_destroy": false,
            "health_check_config": [],
            "health_check_custom_config": [
              {
                "failure_threshold": 1
              }
            ],
            "id": "srv-ewvsxwfdfjgubzvz",
            "name": "posts-service",
            "namespace_id": "ns-3ecsv5uo6zdv4zhx",
            "tags": {},
            "tags_all": {},
            "type": "DNS_HTTP"
          },
          "sensitive_attributes": [],
          "identity_schema_version": 0,
          "private": "bnVsbA==",
          "dependencies": [
            "module.ecs.aws_service_discovery_private_dns_namespace.this",
            "module.rds.aws_secretsmanager_secret.db_url"
          ]
        },
        {
          "index_key": "users-service",
          "schema_version": 0,
          "attributes": {
            "arn": "arn:aws:servicediscovery:ap-south-1:913524945602:service/srv-hlwmymhvekhdigep",
            "description": "",
            "dns_config": [
              {
                "dns_records": [
                  {
                    "ttl": 10,
                    "type": "A"
                  }
                ],
                "namespace_id": "ns-3ecsv5uo6zdv4zhx",
                "routing_policy": "MULTIVALUE"
              }
            ],
            "force_destroy": false,
            "health_check_config": [],
            "health_check_custom_config": [
              {
                "failure_threshold": 1
              }
            ],
            "id": "srv-hlwmymhvekhdigep",
            "name": "users-service",
            "namespace_id": "ns-3ecsv5uo6zdv4zhx",
            "tags": {},
            "tags_all": {},
            "type": "DNS_HTTP"
          },
          "sensitive_attributes": [],
          "identity_schema_version": 0,
          "private": "bnVsbA==",
          "dependencies": [
            "module.ecs.aws_service_discovery_private_dns_namespace.this",
            "module.rds.aws_secretsmanager_secret.db_url"
          ]
        }
      ]
    },
    {
      "module": "module.iam",
      "mode": "managed",
      "type": "aws_iam_role",
      "name": "ecs_task_execution",
      "provider": "provider[\"registry.terraform.io/hashicorp/aws\"]",
      "instances": [
        {
          "schema_version": 0,
          "attributes": {
            "arn": "arn:aws:iam::913524945602:role/turbo-graphql-production-ecs-execution",
            "assume_role_policy": "{\"Statement\":[{\"Action\":\"sts:AssumeRole\",\"Effect\":\"Allow\",\"Principal\":{\"Service\":\"ecs-tasks.amazonaws.com\"}}],\"Version\":\"2012-10-17\"}",
            "create_date": "2026-04-24T17:34:29Z",
            "description": "",
            "force_detach_policies": false,
            "id": "turbo-graphql-production-ecs-execution",
            "inline_policy": [
              {
                "name": "secrets-access",
                "policy": "{\"Version\":\"2012-10-17\",\"Statement\":[{\"Action\":[\"secretsmanager:GetSecretValue\"],\"Effect\":\"Allow\",\"Resource\":[\"arn:aws:secretsmanager:ap-south-1:913524945602:secret:turbo-graphql/production/comments/DATABASE_URL-ZCZsVi\",\"arn:aws:secretsmanager:ap-south-1:913524945602:secret:turbo-graphql/production/posts/DATABASE_URL-8IBask\",\"arn:aws:secretsmanager:ap-south-1:913524945602:secret:turbo-graphql/production/users/DATABASE_URL-HGpP6k\"]}]}"
              }
            ],
            "managed_policy_arns": [
              "arn:aws:iam::aws:policy/service-role/AmazonECSTaskExecutionRolePolicy"
            ],
            "max_session_duration": 3600,
            "name": "turbo-graphql-production-ecs-execution",
            "name_prefix": "",
            "path": "/",
            "permissions_boundary": "",
            "tags": {},
            "tags_all": {},
            "unique_id": "AROA5JMSUOLBIT4MZQERQ"
          },
          "sensitive_attributes": [],
          "identity_schema_version": 0,
          "private": "bnVsbA=="
        }
      ]
    },
    {
      "module": "module.iam",
      "mode": "managed",
      "type": "aws_iam_role_policy",
      "name": "secrets_access",
      "provider": "provider[\"registry.terraform.io/hashicorp/aws\"]",
      "instances": [
        {
          "schema_version": 0,
          "attributes": {
            "id": "turbo-graphql-production-ecs-execution:secrets-access",
            "name": "secrets-access",
            "name_prefix": "",
            "policy": "{\"Version\":\"2012-10-17\",\"Statement\":[{\"Action\":[\"secretsmanager:GetSecretValue\"],\"Effect\":\"Allow\",\"Resource\":[\"arn:aws:secretsmanager:ap-south-1:913524945602:secret:turbo-graphql/production/comments/DATABASE_URL-ZCZsVi\",\"arn:aws:secretsmanager:ap-south-1:913524945602:secret:turbo-graphql/production/posts/DATABASE_URL-8IBask\",\"arn:aws:secretsmanager:ap-south-1:913524945602:secret:turbo-graphql/production/users/DATABASE_URL-HGpP6k\"]}]}",
            "role": "turbo-graphql-production-ecs-execution"
          },
          "sensitive_attributes": [],
          "identity_schema_version": 0,
          "private": "bnVsbA==",
          "dependencies": [
            "module.iam.aws_iam_role.ecs_task_execution",
            "module.rds.aws_secretsmanager_secret.db_url"
          ]
        }
      ]
    },
    {
      "module": "module.iam",
      "mode": "managed",
      "type": "aws_iam_role_policy_attachment",
      "name": "ecs_execution",
      "provider": "provider[\"registry.terraform.io/hashicorp/aws\"]",
      "instances": [
        {
          "schema_version": 0,
          "attributes": {
            "id": "turbo-graphql-production-ecs-execution-20260424173430576700000001",
            "policy_arn": "arn:aws:iam::aws:policy/service-role/AmazonECSTaskExecutionRolePolicy",
            "role": "turbo-graphql-production-ecs-execution"
          },
          "sensitive_attributes": [],
          "identity_schema_version": 0,
          "private": "bnVsbA==",
          "dependencies": [
            "module.iam.aws_iam_role.ecs_task_execution"
          ]
        }
      ]
    },
    {
      "module": "module.networking",
      "mode": "managed",
      "type": "aws_security_group",
      "name": "alb",
      "provider": "provider[\"registry.terraform.io/hashicorp/aws\"]",
      "instances": [
        {
          "schema_version": 1,
          "attributes": {
            "arn": "arn:aws:ec2:ap-south-1:913524945602:security-group/sg-00d6d3a0620f36a4f",
            "description": "Allow HTTP from internet to ALB",
            "egress": [
              {
                "cidr_blocks": [
                  "0.0.0.0/0"
                ],
                "description": "",
                "from_port": 0,
                "ipv6_cidr_blocks": [],
                "prefix_list_ids": [],
                "protocol": "-1",
                "security_groups": [],
                "self": false,
                "to_port": 0
              }
            ],
            "id": "sg-00d6d3a0620f36a4f",
            "ingress": [
              {
                "cidr_blocks": [
                  "0.0.0.0/0"
                ],
                "description": "HTTP",
                "from_port": 80,
                "ipv6_cidr_blocks": [],
                "prefix_list_ids": [],
                "protocol": "tcp",
                "security_groups": [],
                "self": false,
                "to_port": 80
              },
              {
                "cidr_blocks": [
                  "0.0.0.0/0"
                ],
                "description": "HTTPS",
                "from_port": 443,
                "ipv6_cidr_blocks": [],
                "prefix_list_ids": [],
                "protocol": "tcp",
                "security_groups": [],
                "self": false,
                "to_port": 443
              }
            ],
            "name": "turbo-graphql-production-alb-sg",
            "name_prefix": "",
            "owner_id": "913524945602",
            "revoke_rules_on_delete": false,
            "tags": {
              "Environment": "production",
              "Name": "turbo-graphql-production-alb-sg"
            },
            "tags_all": {
              "Environment": "production",
              "Name": "turbo-graphql-production-alb-sg"
            },
            "timeouts": null,
            "vpc_id": "vpc-0411fd9fad810705e"
          },
          "sensitive_attributes": [],
          "identity_schema_version": 0,
          "private": "eyJlMmJmYjczMC1lY2FhLTExZTYtOGY4OC0zNDM2M2JjN2M0YzAiOnsiY3JlYXRlIjo2MDAwMDAwMDAwMDAsImRlbGV0ZSI6OTAwMDAwMDAwMDAwfSwic2NoZW1hX3ZlcnNpb24iOiIxIn0="
        }
      ]
    },
    {
      "module": "module.networking",
      "mode": "managed",
      "type": "aws_security_group",
      "name": "ecs",
      "provider": "provider[\"registry.terraform.io/hashicorp/aws\"]",
      "instances": [
        {
          "schema_version": 1,
          "attributes": {
            "arn": "arn:aws:ec2:ap-south-1:913524945602:security-group/sg-0d0538742dade05d1",
            "description": "Allow inbound from ALB and inter-service communication",
            "egress": [
              {
                "cidr_blocks": [
                  "0.0.0.0/0"
                ],
                "description": "",
                "from_port": 0,
                "ipv6_cidr_blocks": [],
                "prefix_list_ids": [],
                "protocol": "-1",
                "security_groups": [],
                "self": false,
                "to_port": 0
              }
            ],
            "id": "sg-0d0538742dade05d1",
            "ingress": [
              {
                "cidr_blocks": [],
                "description": "From ALB",
                "from_port": 0,
                "ipv6_cidr_blocks": [],
                "prefix_list_ids": [],
                "protocol": "tcp",
                "security_groups": [
                  "sg-00d6d3a0620f36a4f"
                ],
                "self": false,
                "to_port": 65535
              },
              {
                "cidr_blocks": [],
                "description": "Inter-service (Router to Subgraphs via Cloud Map)",
                "from_port": 0,
                "ipv6_cidr_blocks": [],
                "prefix_list_ids": [],
                "protocol": "tcp",
                "security_groups": [],
                "self": true,
                "to_port": 65535
              }
            ],
            "name": "turbo-graphql-production-ecs-sg",
            "name_prefix": "",
            "owner_id": "913524945602",
            "revoke_rules_on_delete": false,
            "tags": {
              "Environment": "production",
              "Name": "turbo-graphql-production-ecs-sg"
            },
            "tags_all": {
              "Environment": "production",
              "Name": "turbo-graphql-production-ecs-sg"
            },
            "timeouts": null,
            "vpc_id": "vpc-0411fd9fad810705e"
          },
          "sensitive_attributes": [],
          "identity_schema_version": 0,
          "private": "eyJlMmJmYjczMC1lY2FhLTExZTYtOGY4OC0zNDM2M2JjN2M0YzAiOnsiY3JlYXRlIjo2MDAwMDAwMDAwMDAsImRlbGV0ZSI6OTAwMDAwMDAwMDAwfSwic2NoZW1hX3ZlcnNpb24iOiIxIn0=",
          "dependencies": [
            "module.networking.aws_security_group.alb"
          ]
        }
      ]
    },
    {
      "module": "module.rds",
      "mode": "data",
      "type": "archive_file",
      "name": "db_init",
      "provider": "provider[\"registry.terraform.io/hashicorp/archive\"]",
      "instances": [
        {
          "schema_version": 0,
          "attributes": {
            "exclude_symlink_directories": null,
            "excludes": null,
            "id": "275fdcfaddca52a0471698fdd2488b2e927a7991",
            "output_base64sha256": "DOS7ElyexnndvjpVJDxOr1ICTVl/G6n0AmHmKI7uAtM=",
            "output_base64sha512": "yBOXqAF6qctyd4TxfaCHWFpSeGB1kQuGU+Fxc/hetpqv4k5fKtIyk4/pA5iAtxlNBGxAD7ql0FxboPIn7bEsuA==",
            "output_file_mode": null,
            "output_md5": "0b27c999c05a3bc1cbf8dcc011be026e",
            "output_path": "modules/rds/db_init.zip",
            "output_sha": "275fdcfaddca52a0471698fdd2488b2e927a7991",
            "output_sha256": "0ce4bb125c9ec679ddbe3a55243c4eaf52024d597f1ba9f40261e6288eee02d3",
            "output_sha512": "c81397a8017aa9cb727784f17da087585a52786075910b8653e17173f85eb69aafe24e5f2ad232938fe9039880b7194d046c400fbaa5d05c5ba0f227edb12cb8",
            "output_size": 4512402,
            "source": [],
            "source_content": null,
            "source_content_filename": null,
            "source_dir": "modules/rds/lambda_build",
            "source_file": null,
            "type": "zip"
          },
          "sensitive_attributes": [],
          "identity_schema_version": 0
        }
      ]
    },
    {
      "module": "module.rds",
      "mode": "managed",
      "type": "aws_db_instance",
      "name": "this",
      "provider": "provider[\"registry.terraform.io/hashicorp/aws\"]",
      "instances": [
        {
          "schema_version": 2,
          "attributes": {
            "address": "turbo-graphql-production-postgres.cr8kweccwltz.ap-south-1.rds.amazonaws.com",
            "allocated_storage": 20,
            "allow_major_version_upgrade": null,
            "apply_immediately": false,
            "arn": "arn:aws:rds:ap-south-1:913524945602:db:turbo-graphql-production-postgres",
            "auto_minor_version_upgrade": true,
            "availability_zone": "ap-south-1c",
            "backup_retention_period": 7,
            "backup_target": "region",
            "backup_window": "03:00-04:00",
            "blue_green_update": [],
            "ca_cert_identifier": "rds-ca-rsa2048-g1",
            "character_set_name": "",
            "copy_tags_to_snapshot": false,
            "custom_iam_instance_profile": "",
            "customer_owned_ip_enabled": false,
            "database_insights_mode": "standard",
            "db_name": "postgres",
            "db_subnet_group_name": "turbo-graphql-production-subnet-group",
            "dedicated_log_volume": false,
            "delete_automated_backups": true,
            "deletion_protection": true,
            "domain": "",
            "domain_auth_secret_arn": "",
            "domain_dns_ips": [],
            "domain_fqdn": "",
            "domain_iam_role_name": "",
            "domain_ou": "",
            "enabled_cloudwatch_logs_exports": [],
            "endpoint": "turbo-graphql-production-postgres.cr8kweccwltz.ap-south-1.rds.amazonaws.com:5432",
            "engine": "postgres",
            "engine_lifecycle_support": "open-source-rds-extended-support",
            "engine_version": "15",
            "engine_version_actual": "15.17",
            "final_snapshot_identifier": "turbo-graphql-production-final-snapshot",
            "hosted_zone_id": "Z2VFMSZA74J7XZ",
            "iam_database_authentication_enabled": false,
            "id": "db-Z2HPV5L7JKF67QMP52FFWAWX4I",
            "identifier": "turbo-graphql-production-postgres",
            "identifier_prefix": "",
            "instance_class": "db.t3.micro",
            "iops": 3000,
            "kms_key_id": "arn:aws:kms:ap-south-1:913524945602:key/a4b27623-d478-4912-a0fb-6a3e55d47e52",
            "latest_restorable_time": "2026-04-25T10:59:37Z",
            "license_model": "postgresql-license",
            "listener_endpoint": [],
            "maintenance_window": "mon:04:00-mon:05:00",
            "manage_master_user_password": null,
            "master_user_secret": [],
            "master_user_secret_kms_key_id": null,
            "max_allocated_storage": 100,
            "monitoring_interval": 60,
            "monitoring_role_arn": "arn:aws:iam::913524945602:role/turbo-graphql-production-rds-monitoring",
            "multi_az": true,
            "nchar_character_set_name": "",
            "network_type": "IPV4",
            "option_group_name": "default:postgres-15",
            "parameter_group_name": "default.postgres15",
            "password": "your-strong-password",
            "password_wo": null,
            "password_wo_version": null,
            "performance_insights_enabled": true,
            "performance_insights_kms_key_id": "arn:aws:kms:ap-south-1:913524945602:key/a4b27623-d478-4912-a0fb-6a3e55d47e52",
            "performance_insights_retention_period": 7,
            "port": 5432,
            "publicly_accessible": false,
            "replica_mode": "",
            "replicas": [],
            "replicate_source_db": "",
            "resource_id": "db-Z2HPV5L7JKF67QMP52FFWAWX4I",
            "restore_to_point_in_time": [],
            "s3_import": [],
            "skip_final_snapshot": false,
            "snapshot_identifier": null,
            "status": "available",
            "storage_encrypted": true,
            "storage_throughput": 125,
            "storage_type": "gp3",
            "tags": {
              "Environment": "production",
              "Name": "turbo-graphql-production-postgres"
            },
            "tags_all": {
              "Environment": "production",
              "Name": "turbo-graphql-production-postgres"
            },
            "timeouts": null,
            "timezone": "",
            "upgrade_storage_config": null,
            "username": "postgres",
            "vpc_security_group_ids": [
              "sg-06785c5e0ed6c1513"
            ]
          },
          "sensitive_attributes": [
            [
              {
                "type": "get_attr",
                "value": "password"
              }
            ],
            [
              {
                "type": "get_attr",
                "value": "password_wo"
              }
            ],
            [
              {
                "type": "get_attr",
                "value": "username"
              }
            ]
          ],
          "identity_schema_version": 0,
          "private": "eyJlMmJmYjczMC1lY2FhLTExZTYtOGY4OC0zNDM2M2JjN2M0YzAiOnsiY3JlYXRlIjozMDAwMDAwMDAwMDAwLCJkZWxldGUiOjM2MDAwMDAwMDAwMDAsInVwZGF0ZSI6NDgwMDAwMDAwMDAwMH0sInNjaGVtYV92ZXJzaW9uIjoiMiJ9",
          "dependencies": [
            "module.rds.aws_db_subnet_group.this",
            "module.rds.aws_iam_role.rds_monitoring",
            "module.rds.aws_security_group.rds"
          ]
        }
      ]
    },
    {
      "module": "module.rds",
      "mode": "managed",
      "type": "aws_db_subnet_group",
      "name": "this",
      "provider": "provider[\"registry.terraform.io/hashicorp/aws\"]",
      "instances": [
        {
          "schema_version": 0,
          "attributes": {
            "arn": "arn:aws:rds:ap-south-1:913524945602:subgrp:turbo-graphql-production-subnet-group",
            "description": "Managed by Terraform",
            "id": "turbo-graphql-production-subnet-group",
            "name": "turbo-graphql-production-subnet-group",
            "name_prefix": "",
            "subnet_ids": [
              "subnet-07a57c2b3ea82adec",
              "subnet-08b8036d1f95e3cf7",
              "subnet-0c5232e2073af7310"
            ],
            "supported_network_types": [
              "IPV4"
            ],
            "tags": {
              "Environment": "production",
              "Name": "turbo-graphql-production-subnet-group"
            },
            "tags_all": {
              "Environment": "production",
              "Name": "turbo-graphql-production-subnet-group"
            },
            "vpc_id": "vpc-0411fd9fad810705e"
          },
          "sensitive_attributes": [],
          "identity_schema_version": 0,
          "private": "bnVsbA=="
        }
      ]
    },
    {
      "module": "module.rds",
      "mode": "managed",
      "type": "aws_iam_role",
      "name": "db_init_lambda",
      "provider": "provider[\"registry.terraform.io/hashicorp/aws\"]",
      "instances": [
        {
          "schema_version": 0,
          "attributes": {
            "arn": "arn:aws:iam::913524945602:role/turbo-graphql-production-db-init-lambda",
            "assume_role_policy": "{\"Statement\":[{\"Action\":\"sts:AssumeRole\",\"Effect\":\"Allow\",\"Principal\":{\"Service\":\"lambda.amazonaws.com\"}}],\"Version\":\"2012-10-17\"}",
            "create_date": "2026-04-24T11:27:29Z",
            "description": "",
            "force_detach_policies": false,
            "id": "turbo-graphql-production-db-init-lambda",
            "inline_policy": [
              {
                "name": "db-init-policy",
                "policy": "{\"Version\":\"2012-10-17\",\"Statement\":[{\"Action\":[\"logs:CreateLogGroup\",\"logs:CreateLogStream\",\"logs:PutLogEvents\"],\"Effect\":\"Allow\",\"Resource\":\"arn:aws:logs:*:*:*\"},{\"Action\":[\"ec2:CreateNetworkInterface\",\"ec2:DescribeNetworkInterfaces\",\"ec2:DeleteNetworkInterface\"],\"Effect\":\"Allow\",\"Resource\":\"*\"}]}"
              }
            ],
            "managed_policy_arns": [],
            "max_session_duration": 3600,
            "name": "turbo-graphql-production-db-init-lambda",
            "name_prefix": "",
            "path": "/",
            "permissions_boundary": "",
            "tags": {},
            "tags_all": {},
            "unique_id": "AROA5JMSUOLBGWVX62O4R"
          },
          "sensitive_attributes": [],
          "identity_schema_version": 0,
          "private": "bnVsbA=="
        }
      ]
    },
    {
      "module": "module.rds",
      "mode": "managed",
      "type": "aws_iam_role",
      "name": "rds_monitoring",
      "provider": "provider[\"registry.terraform.io/hashicorp/aws\"]",
      "instances": [
        {
          "schema_version": 0,
          "attributes": {
            "arn": "arn:aws:iam::913524945602:role/turbo-graphql-production-rds-monitoring",
            "assume_role_policy": "{\"Statement\":[{\"Action\":\"sts:AssumeRole\",\"Effect\":\"Allow\",\"Principal\":{\"Service\":\"monitoring.rds.amazonaws.com\"}}],\"Version\":\"2012-10-17\"}",
            "create_date": "2026-04-24T08:31:15Z",
            "description": "",
            "force_detach_policies": false,
            "id": "turbo-graphql-production-rds-monitoring",
            "inline_policy": [],
            "managed_policy_arns": [
              "arn:aws:iam::aws:policy/service-role/AmazonRDSEnhancedMonitoringRole"
            ],
            "max_session_duration": 3600,
            "name": "turbo-graphql-production-rds-monitoring",
            "name_prefix": "",
            "path": "/",
            "permissions_boundary": "",
            "tags": {},
            "tags_all": {},
            "unique_id": "AROA5JMSUOLBDYA6AT3ZE"
          },
          "sensitive_attributes": [],
          "identity_schema_version": 0,
          "private": "bnVsbA=="
        }
      ]
    },
    {
      "module": "module.rds",
      "mode": "managed",
      "type": "aws_iam_role_policy",
      "name": "db_init_lambda",
      "provider": "provider[\"registry.terraform.io/hashicorp/aws\"]",
      "instances": [
        {
          "schema_version": 0,
          "attributes": {
            "id": "turbo-graphql-production-db-init-lambda:db-init-policy",
            "name": "db-init-policy",
            "name_prefix": "",
            "policy": "{\"Version\":\"2012-10-17\",\"Statement\":[{\"Action\":[\"logs:CreateLogGroup\",\"logs:CreateLogStream\",\"logs:PutLogEvents\"],\"Effect\":\"Allow\",\"Resource\":\"arn:aws:logs:*:*:*\"},{\"Action\":[\"ec2:CreateNetworkInterface\",\"ec2:DescribeNetworkInterfaces\",\"ec2:DeleteNetworkInterface\"],\"Effect\":\"Allow\",\"Resource\":\"*\"}]}",
            "role": "turbo-graphql-production-db-init-lambda"
          },
          "sensitive_attributes": [],
          "identity_schema_version": 0,
          "private": "bnVsbA==",
          "dependencies": [
            "module.rds.aws_iam_role.db_init_lambda"
          ]
        }
      ]
    },
    {
      "module": "module.rds",
      "mode": "managed",
      "type": "aws_iam_role_policy_attachment",
      "name": "rds_monitoring",
      "provider": "provider[\"registry.terraform.io/hashicorp/aws\"]",
      "instances": [
        {
          "schema_version": 0,
          "attributes": {
            "id": "turbo-graphql-production-rds-monitoring-20260424112729882000000005",
            "policy_arn": "arn:aws:iam::aws:policy/service-role/AmazonRDSEnhancedMonitoringRole",
            "role": "turbo-graphql-production-rds-monitoring"
          },
          "sensitive_attributes": [],
          "identity_schema_version": 0,
          "private": "bnVsbA==",
          "dependencies": [
            "module.rds.aws_iam_role.rds_monitoring"
          ]
        }
      ]
    },
    {
      "module": "module.rds",
      "mode": "managed",
      "type": "aws_lambda_function",
      "name": "db_init",
      "provider": "provider[\"registry.terraform.io/hashicorp/aws\"]",
      "instances": [
        {
          "schema_version": 0,
          "attributes": {
            "architectures": [
              "x86_64"
            ],
            "arn": "arn:aws:lambda:ap-south-1:913524945602:function:turbo-graphql-production-db-init",
            "code_sha256": "DOS7ElyexnndvjpVJDxOr1ICTVl/G6n0AmHmKI7uAtM=",
            "code_signing_config_arn": "",
            "dead_letter_config": [],
            "description": "",
            "environment": [
              {
                "variables": {
                  "DB_HOST": "turbo-graphql-production-postgres.cr8kweccwltz.ap-south-1.rds.amazonaws.com",
                  "DB_PASSWORD": "your-strong-password",
                  "DB_USER": "postgres"
                }
              }
            ],
            "ephemeral_storage": [
              {
                "size": 512
              }
            ],
            "file_system_config": [],
            "filename": "modules/rds/db_init.zip",
            "function_name": "turbo-graphql-production-db-init",
            "handler": "handler.handler",
            "id": "turbo-graphql-production-db-init",
            "image_config": [],
            "image_uri": "",
            "invoke_arn": "arn:aws:apigateway:ap-south-1:lambda:path/2015-03-31/functions/arn:aws:lambda:ap-south-1:913524945602:function:turbo-graphql-production-db-init/invocations",
            "kms_key_arn": "",
            "last_modified": "2026-04-24T12:05:01.000+0000",
            "layers": [],
            "logging_config": [
              {
                "application_log_level": "",
                "log_format": "Text",
                "log_group": "/aws/lambda/turbo-graphql-production-db-init",
                "system_log_level": ""
              }
            ],
            "memory_size": 128,
            "package_type": "Zip",
            "publish": false,
            "qualified_arn": "arn:aws:lambda:ap-south-1:913524945602:function:turbo-graphql-production-db-init:$LATEST",
            "qualified_invoke_arn": "arn:aws:apigateway:ap-south-1:lambda:path/2015-03-31/functions/arn:aws:lambda:ap-south-1:913524945602:function:turbo-graphql-production-db-init:$LATEST/invocations",
            "replace_security_groups_on_destroy": null,
            "replacement_security_group_ids": null,
            "reserved_concurrent_executions": -1,
            "role": "arn:aws:iam::913524945602:role/turbo-graphql-production-db-init-lambda",
            "runtime": "python3.12",
            "s3_bucket": null,
            "s3_key": null,
            "s3_object_version": null,
            "signing_job_arn": "",
            "signing_profile_version_arn": "",
            "skip_destroy": false,
            "snap_start": [],
            "source_code_hash": "DOS7ElyexnndvjpVJDxOr1ICTVl/G6n0AmHmKI7uAtM=",
            "source_code_size": 4512402,
            "tags": {},
            "tags_all": {},
            "timeout": 60,
            "timeouts": null,
            "tracing_config": [
              {
                "mode": "PassThrough"
              }
            ],
            "version": "$LATEST",
            "vpc_config": [
              {
                "ipv6_allowed_for_dual_stack": false,
                "security_group_ids": [
                  "sg-06785c5e0ed6c1513"
                ],
                "subnet_ids": [
                  "subnet-07a57c2b3ea82adec",
                  "subnet-08b8036d1f95e3cf7",
                  "subnet-0c5232e2073af7310"
                ],
                "vpc_id": "vpc-0411fd9fad810705e"
              }
            ]
          },
          "sensitive_attributes": [
            [
              {
                "type": "get_attr",
                "value": "environment"
              },
              {
                "type": "index",
                "value": {
                  "value": 0,
                  "type": "number"
                }
              },
              {
                "type": "get_attr",
                "value": "variables"
              },
              {
                "type": "index",
                "value": {
                  "value": "DB_PASSWORD",
                  "type": "string"
                }
              }
            ],
            [
              {
                "type": "get_attr",
                "value": "environment"
              },
              {
                "type": "index",
                "value": {
                  "value": 0,
                  "type": "number"
                }
              },
              {
                "type": "get_attr",
                "value": "variables"
              },
              {
                "type": "index",
                "value": {
                  "value": "DB_USER",
                  "type": "string"
                }
              }
            ]
          ],
          "identity_schema_version": 0,
          "private": "eyJlMmJmYjczMC1lY2FhLTExZTYtOGY4OC0zNDM2M2JjN2M0YzAiOnsiY3JlYXRlIjo2MDAwMDAwMDAwMDAsImRlbGV0ZSI6NjAwMDAwMDAwMDAwLCJ1cGRhdGUiOjYwMDAwMDAwMDAwMH19",
          "dependencies": [
            "module.rds.aws_db_instance.this",
            "module.rds.aws_db_subnet_group.this",
            "module.rds.aws_iam_role.db_init_lambda",
            "module.rds.aws_iam_role.rds_monitoring",
            "module.rds.aws_security_group.rds",
            "module.rds.data.archive_file.db_init",
            "module.rds.local_file.db_init_handler",
            "module.rds.null_resource.pip_install"
          ]
        }
      ]
    },
    {
      "module": "module.rds",
      "mode": "managed",
      "type": "aws_lambda_invocation",
      "name": "db_init",
      "provider": "provider[\"registry.terraform.io/hashicorp/aws\"]",
      "instances": [
        {
          "schema_version": 1,
          "attributes": {
            "function_name": "turbo-graphql-production-db-init",
            "id": "turbo-graphql-production-db-init_$LATEST_99914b932bd37a50b983c5e7c90ae93b",
            "input": "{}",
            "lifecycle_scope": "CREATE_ONLY",
            "qualifier": "$LATEST",
            "result": "{\"statusCode\": 200, \"body\": \"Done\"}",
            "terraform_key": "tf",
            "triggers": null
          },
          "sensitive_attributes": [],
          "identity_schema_version": 0,
          "private": "eyJzY2hlbWFfdmVyc2lvbiI6IjEifQ==",
          "dependencies": [
            "module.rds.aws_db_instance.this",
            "module.rds.aws_db_subnet_group.this",
            "module.rds.aws_iam_role.db_init_lambda",
            "module.rds.aws_iam_role.rds_monitoring",
            "module.rds.aws_lambda_function.db_init",
            "module.rds.aws_security_group.rds",
            "module.rds.data.archive_file.db_init",
            "module.rds.local_file.db_init_handler",
            "module.rds.null_resource.pip_install"
          ]
        }
      ]
    },
    {
      "module": "module.rds",
      "mode": "managed",
      "type": "aws_secretsmanager_secret",
      "name": "db_url",
      "provider": "provider[\"registry.terraform.io/hashicorp/aws\"]",
      "instances": [
        {
          "index_key": "comments",
          "schema_version": 0,
          "attributes": {
            "arn": "arn:aws:secretsmanager:ap-south-1:913524945602:secret:turbo-graphql/production/comments/DATABASE_URL-ZCZsVi",
            "description": "DATABASE_URL for comments service",
            "force_overwrite_replica_secret": false,
            "id": "arn:aws:secretsmanager:ap-south-1:913524945602:secret:turbo-graphql/production/comments/DATABASE_URL-ZCZsVi",
            "kms_key_id": "",
            "name": "turbo-graphql/production/comments/DATABASE_URL",
            "name_prefix": "",
            "policy": "",
            "recovery_window_in_days": 7,
            "replica": [],
            "tags": {
              "Environment": "production",
              "Service": "comments"
            },
            "tags_all": {
              "Environment": "production",
              "Service": "comments"
            }
          },
          "sensitive_attributes": [],
          "identity_schema_version": 0,
          "private": "bnVsbA=="
        },
        {
          "index_key": "posts",
          "schema_version": 0,
          "attributes": {
            "arn": "arn:aws:secretsmanager:ap-south-1:913524945602:secret:turbo-graphql/production/posts/DATABASE_URL-8IBask",
            "description": "DATABASE_URL for posts service",
            "force_overwrite_replica_secret": false,
            "id": "arn:aws:secretsmanager:ap-south-1:913524945602:secret:turbo-graphql/production/posts/DATABASE_URL-8IBask",
            "kms_key_id": "",
            "name": "turbo-graphql/production/posts/DATABASE_URL",
            "name_prefix": "",
            "policy": "",
            "recovery_window_in_days": 7,
            "replica": [],
            "tags": {
              "Environment": "production",
              "Service": "posts"
            },
            "tags_all": {
              "Environment": "production",
              "Service": "posts"
            }
          },
          "sensitive_attributes": [],
          "identity_schema_version": 0,
          "private": "bnVsbA=="
        },
        {
          "index_key": "users",
          "schema_version": 0,
          "attributes": {
            "arn": "arn:aws:secretsmanager:ap-south-1:913524945602:secret:turbo-graphql/production/users/DATABASE_URL-HGpP6k",
            "description": "DATABASE_URL for users service",
            "force_overwrite_replica_secret": false,
            "id": "arn:aws:secretsmanager:ap-south-1:913524945602:secret:turbo-graphql/production/users/DATABASE_URL-HGpP6k",
            "kms_key_id": "",
            "name": "turbo-graphql/production/users/DATABASE_URL",
            "name_prefix": "",
            "policy": "",
            "recovery_window_in_days": 7,
            "replica": [],
            "tags": {
              "Environment": "production",
              "Service": "users"
            },
            "tags_all": {
              "Environment": "production",
              "Service": "users"
            }
          },
          "sensitive_attributes": [],
          "identity_schema_version": 0,
          "private": "bnVsbA=="
        }
      ]
    },
    {
      "module": "module.rds",
      "mode": "managed",
      "type": "aws_secretsmanager_secret",
      "name": "master_password",
      "provider": "provider[\"registry.terraform.io/hashicorp/aws\"]",
      "instances": [
        {
          "schema_version": 0,
          "attributes": {
            "arn": "arn:aws:secretsmanager:ap-south-1:913524945602:secret:turbo-graphql/production/rds/master-password-ZCZsVi",
            "description": "RDS master password for turbo-graphql",
            "force_overwrite_replica_secret": false,
            "id": "arn:aws:secretsmanager:ap-south-1:913524945602:secret:turbo-graphql/production/rds/master-password-ZCZsVi",
            "kms_key_id": "",
            "name": "turbo-graphql/production/rds/master-password",
            "name_prefix": "",
            "policy": "",
            "recovery_window_in_days": 7,
            "replica": [],
            "tags": {
              "Environment": "production"
            },
            "tags_all": {
              "Environment": "production"
            }
          },
          "sensitive_attributes": [],
          "identity_schema_version": 0,
          "private": "bnVsbA=="
        }
      ]
    },
    {
      "module": "module.rds",
      "mode": "managed",
      "type": "aws_secretsmanager_secret_version",
      "name": "db_url",
      "provider": "provider[\"registry.terraform.io/hashicorp/aws\"]",
      "instances": [
        {
          "index_key": "comments",
          "schema_version": 0,
          "attributes": {
            "arn": "arn:aws:secretsmanager:ap-south-1:913524945602:secret:turbo-graphql/production/comments/DATABASE_URL-ZCZsVi",
            "has_secret_string_wo": null,
            "id": "arn:aws:secretsmanager:ap-south-1:913524945602:secret:turbo-graphql/production/comments/DATABASE_URL-ZCZsVi|terraform-20260424115039949100000006",
            "secret_binary": "",
            "secret_id": "arn:aws:secretsmanager:ap-south-1:913524945602:secret:turbo-graphql/production/comments/DATABASE_URL-ZCZsVi",
            "secret_string": "postgresql://postgres:your-strong-password@turbo-graphql-production-postgres.cr8kweccwltz.ap-south-1.rds.amazonaws.com:5432/comments_db?schema=public",
            "secret_string_wo": null,
            "secret_string_wo_version": null,
            "version_id": "terraform-20260424115039949100000006",
            "version_stages": [
              "AWSCURRENT"
            ]
          },
          "sensitive_attributes": [
            [
              {
                "type": "get_attr",
                "value": "secret_binary"
              }
            ],
            [
              {
                "type": "get_attr",
                "value": "secret_string"
              }
            ],
            [
              {
                "type": "get_attr",
                "value": "secret_string_wo"
              }
            ]
          ],
          "identity_schema_version": 0,
          "private": "bnVsbA==",
          "dependencies": [
            "module.rds.aws_db_instance.this",
            "module.rds.aws_db_subnet_group.this",
            "module.rds.aws_iam_role.rds_monitoring",
            "module.rds.aws_secretsmanager_secret.db_url",
            "module.rds.aws_security_group.rds"
          ]
        },
        {
          "index_key": "posts",
          "schema_version": 0,
          "attributes": {
            "arn": "arn:aws:secretsmanager:ap-south-1:913524945602:secret:turbo-graphql/production/posts/DATABASE_URL-8IBask",
            "has_secret_string_wo": null,
            "id": "arn:aws:secretsmanager:ap-south-1:913524945602:secret:turbo-graphql/production/posts/DATABASE_URL-8IBask|terraform-20260424115039949300000007",
            "secret_binary": "",
            "secret_id": "arn:aws:secretsmanager:ap-south-1:913524945602:secret:turbo-graphql/production/posts/DATABASE_URL-8IBask",
            "secret_string": "postgresql://postgres:your-strong-password@turbo-graphql-production-postgres.cr8kweccwltz.ap-south-1.rds.amazonaws.com:5432/posts_db?schema=public",
            "secret_string_wo": null,
            "secret_string_wo_version": null,
            "version_id": "terraform-20260424115039949300000007",
            "version_stages": [
              "AWSCURRENT"
            ]
          },
          "sensitive_attributes": [
            [
              {
                "type": "get_attr",
                "value": "secret_binary"
              }
            ],
            [
              {
                "type": "get_attr",
                "value": "secret_string"
              }
            ],
            [
              {
                "type": "get_attr",
                "value": "secret_string_wo"
              }
            ]
          ],
          "identity_schema_version": 0,
          "private": "bnVsbA==",
          "dependencies": [
            "module.rds.aws_db_instance.this",
            "module.rds.aws_db_subnet_group.this",
            "module.rds.aws_iam_role.rds_monitoring",
            "module.rds.aws_secretsmanager_secret.db_url",
            "module.rds.aws_security_group.rds"
          ]
        },
        {
          "index_key": "users",
          "schema_version": 0,
          "attributes": {
            "arn": "arn:aws:secretsmanager:ap-south-1:913524945602:secret:turbo-graphql/production/users/DATABASE_URL-HGpP6k",
            "has_secret_string_wo": null,
            "id": "arn:aws:secretsmanager:ap-south-1:913524945602:secret:turbo-graphql/production/users/DATABASE_URL-HGpP6k|terraform-20260424115039949300000008",
            "secret_binary": "",
            "secret_id": "arn:aws:secretsmanager:ap-south-1:913524945602:secret:turbo-graphql/production/users/DATABASE_URL-HGpP6k",
            "secret_string": "postgresql://postgres:your-strong-password@turbo-graphql-production-postgres.cr8kweccwltz.ap-south-1.rds.amazonaws.com:5432/users_db?schema=public",
            "secret_string_wo": null,
            "secret_string_wo_version": null,
            "version_id": "terraform-20260424115039949300000008",
            "version_stages": [
              "AWSCURRENT"
            ]
          },
          "sensitive_attributes": [
            [
              {
                "type": "get_attr",
                "value": "secret_binary"
              }
            ],
            [
              {
                "type": "get_attr",
                "value": "secret_string"
              }
            ],
            [
              {
                "type": "get_attr",
                "value": "secret_string_wo"
              }
            ]
          ],
          "identity_schema_version": 0,
          "private": "bnVsbA==",
          "dependencies": [
            "module.rds.aws_db_instance.this",
            "module.rds.aws_db_subnet_group.this",
            "module.rds.aws_iam_role.rds_monitoring",
            "module.rds.aws_secretsmanager_secret.db_url",
            "module.rds.aws_security_group.rds"
          ]
        }
      ]
    },
    {
      "module": "module.rds",
      "mode": "managed",
      "type": "aws_secretsmanager_secret_version",
      "name": "master_password",
      "provider": "provider[\"registry.terraform.io/hashicorp/aws\"]",
      "instances": [
        {
          "schema_version": 0,
          "attributes": {
            "arn": "arn:aws:secretsmanager:ap-south-1:913524945602:secret:turbo-graphql/production/rds/master-password-ZCZsVi",
            "has_secret_string_wo": null,
            "id": "arn:aws:secretsmanager:ap-south-1:913524945602:secret:turbo-graphql/production/rds/master-password-ZCZsVi|terraform-20260424115039948400000005",
            "secret_binary": "",
            "secret_id": "arn:aws:secretsmanager:ap-south-1:913524945602:secret:turbo-graphql/production/rds/master-password-ZCZsVi",
            "secret_string": "your-strong-password",
            "secret_string_wo": null,
            "secret_string_wo_version": null,
            "version_id": "terraform-20260424115039948400000005",
            "version_stages": [
              "AWSCURRENT"
            ]
          },
          "sensitive_attributes": [
            [
              {
                "type": "get_attr",
                "value": "secret_binary"
              }
            ],
            [
              {
                "type": "get_attr",
                "value": "secret_string"
              }
            ],
            [
              {
                "type": "get_attr",
                "value": "secret_string_wo"
              }
            ]
          ],
          "identity_schema_version": 0,
          "private": "bnVsbA==",
          "dependencies": [
            "module.rds.aws_secretsmanager_secret.master_password"
          ]
        }
      ]
    },
    {
      "module": "module.rds",
      "mode": "managed",
      "type": "aws_security_group",
      "name": "rds",
      "provider": "provider[\"registry.terraform.io/hashicorp/aws\"]",
      "instances": [
        {
          "schema_version": 1,
          "attributes": {
            "arn": "arn:aws:ec2:ap-south-1:913524945602:security-group/sg-06785c5e0ed6c1513",
            "description": "Allow PostgreSQL from application layer",
            "egress": [
              {
                "cidr_blocks": [
                  "0.0.0.0/0"
                ],
                "description": "",
                "from_port": 0,
                "ipv6_cidr_blocks": [],
                "prefix_list_ids": [],
                "protocol": "-1",
                "security_groups": [],
                "self": false,
                "to_port": 0
              }
            ],
            "id": "sg-06785c5e0ed6c1513",
            "ingress": [
              {
                "cidr_blocks": [
                  "172.31.0.0/16"
                ],
                "description": "PostgreSQL",
                "from_port": 5432,
                "ipv6_cidr_blocks": [],
                "prefix_list_ids": [],
                "protocol": "tcp",
                "security_groups": [],
                "self": false,
                "to_port": 5432
              }
            ],
            "name": "turbo-graphql-production-rds-sg",
            "name_prefix": "",
            "owner_id": "913524945602",
            "revoke_rules_on_delete": false,
            "tags": {
              "Environment": "production",
              "Name": "turbo-graphql-production-rds-sg"
            },
            "tags_all": {
              "Environment": "production",
              "Name": "turbo-graphql-production-rds-sg"
            },
            "timeouts": null,
            "vpc_id": "vpc-0411fd9fad810705e"
          },
          "sensitive_attributes": [],
          "identity_schema_version": 0,
          "private": "eyJlMmJmYjczMC1lY2FhLTExZTYtOGY4OC0zNDM2M2JjN2M0YzAiOnsiY3JlYXRlIjo2MDAwMDAwMDAwMDAsImRlbGV0ZSI6OTAwMDAwMDAwMDAwfSwic2NoZW1hX3ZlcnNpb24iOiIxIn0="
        }
      ]
    },
    {
      "module": "module.rds",
      "mode": "managed",
      "type": "local_file",
      "name": "db_init_handler",
      "provider": "provider[\"registry.terraform.io/hashicorp/local\"]",
      "instances": [
        {
          "schema_version": 0,
          "attributes": {
            "content": "import psycopg2\nimport os\n\ndef handler(event, context):\n    conn = psycopg2.connect(\n        host=os.environ[\"DB_HOST\"],\n        port=5432,\n        dbname=\"postgres\",\n        user=os.environ[\"DB_USER\"],\n        password=os.environ[\"DB_PASSWORD\"],\n        connect_timeout=10,\n    )\n    conn.autocommit = True\n    cur = conn.cursor()\n\n    for db in [\"posts_db\", \"comments_db\", \"users_db\"]:\n        cur.execute(\"SELECT 1 FROM pg_database WHERE datname = %s\", (db,))\n        if not cur.fetchone():\n            cur.execute(f'CREATE DATABASE \"{db}\"')\n            print(f\"Created database: {db}\")\n        else:\n            print(f\"Database already exists: {db}\")\n\n    cur.close()\n    conn.close()\n    return {\"statusCode\": 200, \"body\": \"Done\"}\n",
            "content_base64": null,
            "content_base64sha256": "TRwYXWX7SrnFIRZ2x3nhOCjuT/2PWAZyAJae5/JHSB8=",
            "content_base64sha512": "VEftufYcOwCn81kZd1f/CgN0dHOuj1LGnlaO0q1ktnw7y1plWI8fRC1iQyQXhrayP+1Jwjc61WRa+9wCtEs2nQ==",
            "content_md5": "572b146fd7492b95f2399f1dc004d0ae",
            "content_sha1": "ccca8630973f076d8840ebffc90228b32c301598",
            "content_sha256": "4d1c185d65fb4ab9c5211676c779e13828ee4ffd8f58067200969ee7f247481f",
            "content_sha512": "5447edb9f61c3b00a7f359197757ff0a03747473ae8f52c69e568ed2ad64b67c3bcb5a65588f1f442d6243241786b6b23fed49c2373ad5645afbdc02b44b369d",
            "directory_permission": "0777",
            "file_permission": "0777",
            "filename": "modules/rds/lambda_build/handler.py",
            "id": "ccca8630973f076d8840ebffc90228b32c301598",
            "sensitive_content": null,
            "source": null
          },
          "sensitive_attributes": [
            [
              {
                "type": "get_attr",
                "value": "sensitive_content"
              }
            ]
          ],
          "identity_schema_version": 0
        }
      ]
    },
    {
      "module": "module.rds",
      "mode": "managed",
      "type": "null_resource",
      "name": "pip_install",
      "provider": "provider[\"registry.terraform.io/hashicorp/null\"]",
      "instances": [
        {
          "schema_version": 0,
          "attributes": {
            "id": "7242111835806987193",
            "triggers": {
              "handler_hash": "572b146fd7492b95f2399f1dc004d0ae",
              "pip_platform": "manylinux2014_x86_64-py3.12"
            }
          },
          "sensitive_attributes": [],
          "identity_schema_version": 0,
          "dependencies": [
            "module.rds.local_file.db_init_handler"
          ]
        }
      ]
    }
  ],
  "check_results": null
}
